// !$*UTF8*$!
{
	archiveVersion = 1;
	classes = {
	};
	objectVersion = 46;
	objects = {

/* Begin PBXBuildFile section */
		2D36EF0A1F0A16DE0008F026 /* AppDelegate.swift in Sources */ = {isa = PBXBuildFile; fileRef = 2D36EF091F0A16DE0008F026 /* AppDelegate.swift */; };
		2D36EF0C1F0A16DE0008F026 /* ViewController.swift in Sources */ = {isa = PBXBuildFile; fileRef = 2D36EF0B1F0A16DE0008F026 /* ViewController.swift */; };
		2D36EF0F1F0A16DE0008F026 /* Main.storyboard in Resources */ = {isa = PBXBuildFile; fileRef = 2D36EF0D1F0A16DE0008F026 /* Main.storyboard */; };
		2D36EF111F0A16DE0008F026 /* Assets.xcassets in Resources */ = {isa = PBXBuildFile; fileRef = 2D36EF101F0A16DE0008F026 /* Assets.xcassets */; };
		2D36EF141F0A16DE0008F026 /* LaunchScreen.storyboard in Resources */ = {isa = PBXBuildFile; fileRef = 2D36EF121F0A16DE0008F026 /* LaunchScreen.storyboard */; };
/* End PBXBuildFile section */

/* Begin PBXFileReference section */
		2D36EF061F0A16DE0008F026 /* iOS_Animation.app */ = {isa = PBXFileReference; explicitFileType = wrapper.application; includeInIndex = 0; path = iOS_Animation.app; sourceTree = BUILT_PRODUCTS_DIR; };
		2D36EF091F0A16DE0008F026 /* AppDelegate.swift */ = {isa = PBXFileReference; lastKnownFileType = sourcecode.swift; path = AppDelegate.swift; sourceTree = "<group>"; };
		2D36EF0B1F0A16DE0008F026 /* ViewController.swift */ = {isa = PBXFileReference; lastKnownFileType = sourcecode.swift; path = ViewController.swift; sourceTree = "<group>"; };
		2D36EF0E1F0A16DE0008F026 /* Base */ = {isa = PBXFileReference; lastKnownFileType = file.storyboard; name = Base; path = Base.lproj/Main.storyboard; sourceTree = "<group>"; };
		2D36EF101F0A16DE0008F026 /* Assets.xcassets */ = {isa = PBXFileReference; lastKnownFileType = folder.assetcatalog; path = Assets.xcassets; sourceTree = "<group>"; };
		2D36EF131F0A16DE0008F026 /* Base */ = {isa = PBXFileReference; lastKnownFileType = file.storyboard; name = Base; path = Base.lproj/LaunchScreen.storyboard; sourceTree = "<group>"; };
		2D36EF151F0A16DE0008F026 /* Info.plist */ = {isa = PBXFileReference; lastKnownFileType = text.plist.xml; path = Info.plist; sourceTree = "<group>"; };
/* End PBXFileReference section */

/* Begin PBXFrameworksBuildPhase section */
		2D36EF031F0A16DE0008F026 /* Frameworks */ = {
			isa = PBXFrameworksBuildPhase;
			buildActionMask = 2147483647;
			files = (
			);
			runOnlyForDeploymentPostprocessing = 0;
		};
/* End PBXFrameworksBuildPhase section */

/* Begin PBXGroup section */
		2D36EEFD1F0A16DE0008F026 = {
			isa = PBXGroup;
			children = (
				2D36EF081F0A16DE0008F026 /* iOS_Animation */,
				2D36EF071F0A16DE0008F026 /* Products */,
			);
			sourceTree = "<group>";
		};
		2D36EF071F0A16DE0008F026 /* Products */ = {
			isa = PBXGroup;
			children = (
				2D36EF061F0A16DE0008F026 /* iOS_Animation.app */,
			);
			name = Products;
			sourceTree = "<group>";
		};
		2D36EF081F0A16DE0008F026 /* iOS_Animation */ = {
			isa = PBXGroup;
			children = (
				2D36EF091F0A16DE0008F026 /* AppDelegate.swift */,
				2D36EF0B1F0A16DE0008F026 /* ViewController.swift */,
				2D36EF0D1F0A16DE0008F026 /* Main.storyboard */,
				2D36EF101F0A16DE0008F026 /* Assets.xcassets */,
				2D36EF121F0A16DE0008F026 /* LaunchScreen.storyboard */,
				2D36EF151F0A16DE0008F026 /* Info.plist */,
			);
			path = iOS_Animation;
			sourceTree = "<group>";
		};
/* End PBXGroup section */

/* Begin PBXNativeTarget section */
		2D36EF051F0A16DE0008F026 /* iOS_Animation */ = {
			isa = PBXNativeTarget;
			buildConfigurationList = 2D36EF181F0A16DE0008F026 /* Build configuration list for PBXNativeTarget "iOS_Animation" */;
			buildPhases = (
				2D36EF021F0A16DE0008F026 /* Sources */,
				2D36EF031F0A16DE0008F026 /* Frameworks */,
				2D36EF041F0A16DE0008F026 /* Resources */,
			);
			buildRules = (
			);
			dependencies = (
			);
			name = iOS_Animation;
			productName = iOS_Animation;
			productReference = 2D36EF061F0A16DE0008F026 /* iOS_Animation.app */;
			productType = "com.apple.product-type.application";
		};
/* End PBXNativeTarget section */

/* Begin PBXProject section */
		2D36EEFE1F0A16DE0008F026 /* Project object */ = {
			isa = PBXProject;
			attributes = {
				LastSwiftUpdateCheck = 0820;
				LastUpgradeCheck = 0820;
				ORGANIZATIONNAME = NewsInPalm;
				TargetAttributes = {
					2D36EF051F0A16DE0008F026 = {
						CreatedOnToolsVersion = 8.2;
						DevelopmentTeam = 74EBQPNV7H;
						ProvisioningStyle = Automatic;
					};
				};
			};
			buildConfigurationList = 2D36EF011F0A16DE0008F026 /* Build configuration list for PBXProject "iOS_Animation" */;
			compatibilityVersion = "Xcode 3.2";
			developmentRegion = English;
			hasScannedForEncodings = 0;
			knownRegions = (
				en,
				Base,
			);
			mainGroup = 2D36EEFD1F0A16DE0008F026;
			productRefGroup = 2D36EF071F0A16DE0008F026 /* Products */;
			projectDirPath = "";
			projectRoot = "";
			targets = (
				2D36EF051F0A16DE0008F026 /* iOS_Animation */,
			);
		};
/* End PBXProject section */

/* Begin PBXResourcesBuildPhase section */
		2D36EF041F0A16DE0008F026 /* Resources */ = {
			isa = PBXResourcesBuildPhase;
			buildActionMask = 2147483647;
			files = (
				2D36EF141F0A16DE0008F026 /* LaunchScreen.storyboard in Resources */,
				2D36EF111F0A16DE0008F026 /* Assets.xcassets in Resources */,
				2D36EF0F1F0A16DE0008F026 /* Main.storyboard in Resources */,
			);
			runOnlyForDeploymentPostprocessing = 0;
		};
/* End PBXResourcesBuildPhase section */

/* Begin PBXSourcesBuildPhase section */
		2D36EF021F0A16DE0008F026 /* Sources */ = {
			isa = PBXSourcesBuildPhase;
			buildActionMask = 2147483647;
			files = (
				2D36EF0C1F0A16DE0008F026 /* ViewController.swift in Sources */,
				2D36EF0A1F0A16DE0008F026 /* AppDelegate.swift in Sources */,
			);
			runOnlyForDeploymentPostprocessing = 0;
		};
/* End PBXSourcesBuildPhase section */

/* Begin PBXVariantGroup section */
		2D36EF0D1F0A16DE0008F026 /* Main.storyboard */ = {
			isa = PBXVariantGroup;
			children = (
				2D36EF0E1F0A16DE0008F026 /* Base */,
			);
			name = Main.storyboard;
			sourceTree = "<group>";
		};
		2D36EF121F0A16DE0008F026 /* LaunchScreen.storyboard */ = {
			isa = PBXVariantGroup;
			children = (
				2D36EF131F0A16DE0008F026 /* Base */,
			);
			name = LaunchScreen.storyboard;
			sourceTree = "<group>";
		};
/* End PBXVariantGroup section */

/* Begin XCBuildConfiguration section */
		2D36EF161F0A16DE0008F026 /* Debug */ = {
			isa = XCBuildConfiguration;
			buildSettings = {
				ALWAYS_SEARCH_USER_PATHS = NO;
				CLANG_ANALYZER_NONNULL = YES;
				CLANG_CXX_LANGUAGE_STANDARD = "gnu++0x";
				CLANG_CXX_LIBRARY = "libc++";
				CLANG_ENABLE_MODULES = YES;
				CLANG_ENABLE_OBJC_ARC = YES;
				CLANG_WARN_BOOL_CONVERSION = YES;
				CLANG_WARN_CONSTANT_CONVERSION = YES;
				CLANG_WARN_DIRECT_OBJC_ISA_USAGE = YES_ERROR;
				CLANG_WARN_DOCUMENTATION_COMMENTS = YES;
				CLANG_WARN_EMPTY_BODY = YES;
				CLANG_WARN_ENUM_CONVERSION = YES;
				CLANG_WARN_INFINITE_RECURSION = YES;
				CLANG_WARN_INT_CONVERSION = YES;
				CLANG_WARN_OBJC_ROOT_CLASS = YES_ERROR;
				CLANG_WARN_SUSPICIOUS_MOVE = YES;
				CLANG_WARN_UNREACHABLE_CODE = YES;
				CLANG_WARN__DUPLICATE_METHOD_MATCH = YES;
				"CODE_SIGN_IDENTITY[sdk=iphoneos*]" = "iPhone Developer";
				COPY_PHASE_STRIP = NO;
				DEBUG_INFORMATION_FORMAT = dwarf;
				ENABLE_STRICT_OBJC_MSGSEND = YES;
				ENABLE_TESTABILITY = YES;
				GCC_C_LANGUAGE_STANDARD = gnu99;
				GCC_DYNAMIC_NO_PIC = NO;
				GCC_NO_COMMON_BLOCKS = YES;
				GCC_OPTIMIZATION_LEVEL = 0;
				GCC_PREPROCESSOR_DEFINITIONS = (
					"DEBUG=1",
					"$(inherited)",
				);
				GCC_WARN_64_TO_32_BIT_CONVERSION = YES;
				GCC_WARN_ABOUT_RETURN_TYPE = YES_ERROR;
				GCC_WARN_UNDECLARED_SELECTOR = YES;
				GCC_WARN_UNINITIALIZED_AUTOS = YES_AGGRESSIVE;
				GCC_WARN_UNUSED_FUNCTION = YES;
				GCC_WARN_UNUSED_VARIABLE = YES;
				IPHONEOS_DEPLOYMENT_TARGET = 10.2;
				MTL_ENABLE_DEBUG_INFO = YES;
				ONLY_ACTIVE_ARCH = YES;
				SDKROOT = iphoneos;
				SWIFT_ACTIVE_COMPILATION_CONDITIONS = DEBUG;
				SWIFT_OPTIMIZATION_LEVEL = "-Onone";
			};
			name = Debug;
		};
		2D36EF171F0A16DE0008F026 /* Release */ = {
			isa = XCBuildConfiguration;
			buildSettings = {
				ALWAYS_SEARCH_USER_PATHS = NO;
				CLANG_ANALYZER_NONNULL = YES;
				CLANG_CXX_LANGUAGE_STANDARD = "gnu++0x";
				CLANG_CXX_LIBRARY = "libc++";
				CLANG_ENABLE_MODULES = YES;
				CLANG_ENABLE_OBJC_ARC = YES;
				CLANG_WARN_BOOL_CONVERSION = YES;
				CLANG_WARN_CONSTANT_CONVERSION = YES;
				CLANG_WARN_DIRECT_OBJC_ISA_USAGE = YES_ERROR;
				CLANG_WARN_DOCUMENTATION_COMMENTS = YES;
				CLANG_WARN_EMPTY_BODY = YES;
				CLANG_WARN_ENUM_CONVERSION = YES;
				CLANG_WARN_INFINITE_RECURSION = YES;
				CLANG_WARN_INT_CONVERSION = YES;
				CLANG_WARN_OBJC_ROOT_CLASS = YES_ERROR;
				CLANG_WARN_SUSPICIOUS_MOVE = YES;
				CLANG_WARN_UNREACHABLE_CODE = YES;
				CLANG_WARN__DUPLICATE_METHOD_MATCH = YES;
				"CODE_SIGN_IDENTITY[sdk=iphoneos*]" = "iPhone Developer";
				COPY_PHASE_STRIP = NO;
				DEBUG_INFORMATION_FORMAT = "dwarf-with-dsym";
				ENABLE_NS_ASSERTIONS = NO;
				ENABLE_STRICT_OBJC_MSGSEND = YES;
				GCC_C_LANGUAGE_STANDARD = gnu99;
				GCC_NO_COMMON_BLOCKS = YES;
				GCC_WARN_64_TO_32_BIT_CONVERSION = YES;
				GCC_WARN_ABOUT_RETURN_TYPE = YES_ERROR;
				GCC_WARN_UNDECLARED_SELECTOR = YES;
				GCC_WARN_UNINITIALIZED_AUTOS = YES_AGGRESSIVE;
				GCC_WARN_UNUSED_FUNCTION = YES;
				GCC_WARN_UNUSED_VARIABLE = YES;
				IPHONEOS_DEPLOYMENT_TARGET = 10.2;
				MTL_ENABLE_DEBUG_INFO = NO;
				SDKROOT = iphoneos;
				SWIFT_OPTIMIZATION_LEVEL = "-Owholemodule";
				VALIDATE_PRODUCT = YES;
			};
			name = Release;
		};
		2D36EF191F0A16DE0008F026 /* Debug */ = {
			isa = XCBuildConfiguration;
			buildSettings = {
				ASSETCATALOG_COMPILER_APPICON_NAME = AppIcon;
				DEVELOPMENT_TEAM = 74EBQPNV7H;
				INFOPLIST_FILE = iOS_Animation/Info.plist;
				LD_RUNPATH_SEARCH_PATHS = "$(inherited) @executable_path/Frameworks";
				PRODUCT_BUNDLE_IDENTIFIER = "com.newsinpalm.iOS-Animation";
				PRODUCT_NAME = "$(TARGET_NAME)";
				SWIFT_VERSION = 3.0;
			};
			name = Debug;
		};
		2D36EF1A1F0A16DE0008F026 /* Release */ = {
			isa = XCBuildConfiguration;
			buildSettings = {
				ASSETCATALOG_COMPILER_APPICON_NAME = AppIcon;
				DEVELOPMENT_TEAM = 74EBQPNV7H;
				INFOPLIST_FILE = iOS_Animation/Info.plist;
				LD_RUNPATH_SEARCH_PATHS = "$(inherited) @executable_path/Frameworks";
				PRODUCT_BUNDLE_IDENTIFIER = "com.newsinpalm.iOS-Animation";
				PRODUCT_NAME = "$(TARGET_NAME)";
				SWIFT_VERSION = 3.0;
			};
			name = Release;
		};
/* End XCBuildConfiguration section */

/* Begin XCConfigurationList section */
		2D36EF011F0A16DE0008F026 /* Build configuration list for PBXProject "iOS_Animation" */ = {
			isa = XCConfigurationList;
			buildConfigurations = (
				2D36EF161F0A16DE0008F026 /* Debug */,
				2D36EF171F0A16DE0008F026 /* Release */,
			);
			defaultConfigurationIsVisible = 0;
			defaultConfigurationName = Release;
		};
		2D36EF181F0A16DE0008F026 /* Build configuration list for PBXNativeTarget "iOS_Animation" */ = {
			isa = XCConfigurationList;
			buildConfigurations = (
				2D36EF191F0A16DE0008F026 /* Debug */,
				2D36EF1A1F0A16DE0008F026 /* Release */,
			);
			defaultConfigurationIsVisible = 0;
		};
/* End XCConfigurationList section */
	};
	rootObject = 2D36EEFE1F0A16DE0008F026 /* Project object */;
}
