// !$*UTF8*$!
{
	archiveVersion = 1;
	classes = {
	};
	objectVersion = 46;
	objects = {

/* Begin PBXBuildFile section */
		2D6B07F21CC5D239008F7340 /* main.m in Sources */ = {isa = PBXBuildFile; fileRef = 2D6B07F11CC5D239008F7340 /* main.m */; };
		2D6B07F51CC5D239008F7340 /* AppDelegate.m in Sources */ = {isa = PBXBuildFile; fileRef = 2D6B07F41CC5D239008F7340 /* AppDelegate.m */; };
		2D6B07F81CC5D239008F7340 /* ViewController.m in Sources */ = {isa = PBXBuildFile; fileRef = 2D6B07F71CC5D239008F7340 /* ViewController.m */; };
		2D6B07FB1CC5D239008F7340 /* Main.storyboard in Resources */ = {isa = PBXBuildFile; fileRef = 2D6B07F91CC5D239008F7340 /* Main.storyboard */; };
		2D6B07FD1CC5D239008F7340 /* Assets.xcassets in Resources */ = {isa = PBXBuildFile; fileRef = 2D6B07FC1CC5D239008F7340 /* Assets.xcassets */; };
		2D6B08001CC5D239008F7340 /* LaunchScreen.storyboard in Resources */ = {isa = PBXBuildFile; fileRef = 2D6B07FE1CC5D239008F7340 /* LaunchScreen.storyboard */; };
		2D6B080B1CC5D239008F7340 /* Quartz_2dTests.m in Sources */ = {isa = PBXBuildFile; fileRef = 2D6B080A1CC5D239008F7340 /* Quartz_2dTests.m */; };
		2D6B08161CC5D23A008F7340 /* Quartz_2dUITests.m in Sources */ = {isa = PBXBuildFile; fileRef = 2D6B08151CC5D23A008F7340 /* Quartz_2dUITests.m */; };
		2D6B08251CC5D286008F7340 /* UIView+Extension.m in Sources */ = {isa = PBXBuildFile; fileRef = 2D6B08241CC5D286008F7340 /* UIView+Extension.m */; };
		2D6B08281CC5D2A4008F7340 /* UIImage+Extension.m in Sources */ = {isa = PBXBuildFile; fileRef = 2D6B08271CC5D2A4008F7340 /* UIImage+Extension.m */; };
		2D6B082B1CC5D2BD008F7340 /* WBDrawView.m in Sources */ = {isa = PBXBuildFile; fileRef = 2D6B082A1CC5D2BD008F7340 /* WBDrawView.m */; };
/* End PBXBuildFile section */

/* Begin PBXContainerItemProxy section */
		2D6B08071CC5D239008F7340 /* PBXContainerItemProxy */ = {
			isa = PBXContainerItemProxy;
			containerPortal = 2D6B07E51CC5D239008F7340 /* Project object */;
			proxyType = 1;
			remoteGlobalIDString = 2D6B07EC1CC5D239008F7340;
			remoteInfo = "Quartz-2d";
		};
		2D6B08121CC5D23A008F7340 /* PBXContainerItemProxy */ = {
			isa = PBXContainerItemProxy;
			containerPortal = 2D6B07E51CC5D239008F7340 /* Project object */;
			proxyType = 1;
			remoteGlobalIDString = 2D6B07EC1CC5D239008F7340;
			remoteInfo = "Quartz-2d";
		};
/* End PBXContainerItemProxy section */

/* Begin PBXFileReference section */
		2D6B07ED1CC5D239008F7340 /* Quartz-2d.app */ = {isa = PBXFileReference; explicitFileType = wrapper.application; includeInIndex = 0; path = "Quartz-2d.app"; sourceTree = BUILT_PRODUCTS_DIR; };
		2D6B07F11CC5D239008F7340 /* main.m */ = {isa = PBXFileReference; lastKnownFileType = sourcecode.c.objc; path = main.m; sourceTree = "<group>"; };
		2D6B07F31CC5D239008F7340 /* AppDelegate.h */ = {isa = PBXFileReference; lastKnownFileType = sourcecode.c.h; path = AppDelegate.h; sourceTree = "<group>"; };
		2D6B07F41CC5D239008F7340 /* AppDelegate.m */ = {isa = PBXFileReference; lastKnownFileType = sourcecode.c.objc; path = AppDelegate.m; sourceTree = "<group>"; };
		2D6B07F61CC5D239008F7340 /* ViewController.h */ = {isa = PBXFileReference; lastKnownFileType = sourcecode.c.h; path = ViewController.h; sourceTree = "<group>"; };
		2D6B07F71CC5D239008F7340 /* ViewController.m */ = {isa = PBXFileReference; lastKnownFileType = sourcecode.c.objc; path = ViewController.m; sourceTree = "<group>"; };
		2D6B07FA1CC5D239008F7340 /* Base */ = {isa = PBXFileReference; lastKnownFileType = file.storyboard; name = Base; path = Base.lproj/Main.storyboard; sourceTree = "<group>"; };
		2D6B07FC1CC5D239008F7340 /* Assets.xcassets */ = {isa = PBXFileReference; lastKnownFileType = folder.assetcatalog; path = Assets.xcassets; sourceTree = "<group>"; };
		2D6B07FF1CC5D239008F7340 /* Base */ = {isa = PBXFileReference; lastKnownFileType = file.storyboard; name = Base; path = Base.lproj/LaunchScreen.storyboard; sourceTree = "<group>"; };
		2D6B08011CC5D239008F7340 /* Info.plist */ = {isa = PBXFileReference; lastKnownFileType = text.plist.xml; path = Info.plist; sourceTree = "<group>"; };
		2D6B08061CC5D239008F7340 /* Quartz-2dTests.xctest */ = {isa = PBXFileReference; explicitFileType = wrapper.cfbundle; includeInIndex = 0; path = "Quartz-2dTests.xctest"; sourceTree = BUILT_PRODUCTS_DIR; };
		2D6B080A1CC5D239008F7340 /* Quartz_2dTests.m */ = {isa = PBXFileReference; lastKnownFileType = sourcecode.c.objc; path = Quartz_2dTests.m; sourceTree = "<group>"; };
		2D6B080C1CC5D239008F7340 /* Info.plist */ = {isa = PBXFileReference; lastKnownFileType = text.plist.xml; path = Info.plist; sourceTree = "<group>"; };
		2D6B08111CC5D239008F7340 /* Quartz-2dUITests.xctest */ = {isa = PBXFileReference; explicitFileType = wrapper.cfbundle; includeInIndex = 0; path = "Quartz-2dUITests.xctest"; sourceTree = BUILT_PRODUCTS_DIR; };
		2D6B08151CC5D23A008F7340 /* Quartz_2dUITests.m */ = {isa = PBXFileReference; lastKnownFileType = sourcecode.c.objc; path = Quartz_2dUITests.m; sourceTree = "<group>"; };
		2D6B08171CC5D23A008F7340 /* Info.plist */ = {isa = PBXFileReference; lastKnownFileType = text.plist.xml; path = Info.plist; sourceTree = "<group>"; };
		2D6B08231CC5D277008F7340 /* UIView+Extension.h */ = {isa = PBXFileReference; lastKnownFileType = sourcecode.c.h; path = "UIView+Extension.h"; sourceTree = "<group>"; };
		2D6B08241CC5D286008F7340 /* UIView+Extension.m */ = {isa = PBXFileReference; fileEncoding = 4; lastKnownFileType = sourcecode.c.objc; path = "UIView+Extension.m"; sourceTree = "<group>"; };
		2D6B08261CC5D296008F7340 /* UIImage+Extension.h */ = {isa = PBXFileReference; lastKnownFileType = sourcecode.c.h; path = "UIImage+Extension.h"; sourceTree = "<group>"; };
		2D6B08271CC5D2A4008F7340 /* UIImage+Extension.m */ = {isa = PBXFileReference; fileEncoding = 4; lastKnownFileType = sourcecode.c.objc; path = "UIImage+Extension.m"; sourceTree = "<group>"; };
		2D6B08291CC5D2BD008F7340 /* WBDrawView.h */ = {isa = PBXFileReference; fileEncoding = 4; lastKnownFileType = sourcecode.c.h; path = WBDrawView.h; sourceTree = "<group>"; };
		2D6B082A1CC5D2BD008F7340 /* WBDrawView.m */ = {isa = PBXFileReference; fileEncoding = 4; lastKnownFileType = sourcecode.c.objc; path = WBDrawView.m; sourceTree = "<group>"; };
/* End PBXFileReference section */

/* Begin PBXFrameworksBuildPhase section */
		2D6B07EA1CC5D239008F7340 /* Frameworks */ = {
			isa = PBXFrameworksBuildPhase;
			buildActionMask = 2147483647;
			files = (
			);
			runOnlyForDeploymentPostprocessing = 0;
		};
		2D6B08031CC5D239008F7340 /* Frameworks */ = {
			isa = PBXFrameworksBuildPhase;
			buildActionMask = 2147483647;
			files = (
			);
			runOnlyForDeploymentPostprocessing = 0;
		};
		2D6B080E1CC5D239008F7340 /* Frameworks */ = {
			isa = PBXFrameworksBuildPhase;
			buildActionMask = 2147483647;
			files = (
			);
			runOnlyForDeploymentPostprocessing = 0;
		};
/* End PBXFrameworksBuildPhase section */

/* Begin PBXGroup section */
		2D6B07E41CC5D239008F7340 = {
			isa = PBXGroup;
			children = (
				2D6B07EF1CC5D239008F7340 /* Quartz-2d */,
				2D6B08091CC5D239008F7340 /* Quartz-2dTests */,
				2D6B08141CC5D23A008F7340 /* Quartz-2dUITests */,
				2D6B07EE1CC5D239008F7340 /* Products */,
			);
			sourceTree = "<group>";
		};
		2D6B07EE1CC5D239008F7340 /* Products */ = {
			isa = PBXGroup;
			children = (
				2D6B07ED1CC5D239008F7340 /* Quartz-2d.app */,
				2D6B08061CC5D239008F7340 /* Quartz-2dTests.xctest */,
				2D6B08111CC5D239008F7340 /* Quartz-2dUITests.xctest */,
			);
			name = Products;
			sourceTree = "<group>";
		};
		2D6B07EF1CC5D239008F7340 /* Quartz-2d */ = {
			isa = PBXGroup;
			children = (
				2D6B07F31CC5D239008F7340 /* AppDelegate.h */,
				2D6B07F41CC5D239008F7340 /* AppDelegate.m */,
				2D6B07F61CC5D239008F7340 /* ViewController.h */,
				2D6B07F71CC5D239008F7340 /* ViewController.m */,
				2D6B08261CC5D296008F7340 /* UIImage+Extension.h */,
				2D6B08271CC5D2A4008F7340 /* UIImage+Extension.m */,
				2D6B08231CC5D277008F7340 /* UIView+Extension.h */,
				2D6B08241CC5D286008F7340 /* UIView+Extension.m */,
				2D6B08291CC5D2BD008F7340 /* WBDrawView.h */,
				2D6B082A1CC5D2BD008F7340 /* WBDrawView.m */,
				2D6B07F91CC5D239008F7340 /* Main.storyboard */,
				2D6B07FC1CC5D239008F7340 /* Assets.xcassets */,
				2D6B07FE1CC5D239008F7340 /* LaunchScreen.storyboard */,
				2D6B08011CC5D239008F7340 /* Info.plist */,
				2D6B07F01CC5D239008F7340 /* Supporting Files */,
			);
			path = "Quartz-2d";
			sourceTree = "<group>";
		};
		2D6B07F01CC5D239008F7340 /* Supporting Files */ = {
			isa = PBXGroup;
			children = (
				2D6B07F11CC5D239008F7340 /* main.m */,
			);
			name = "Supporting Files";
			sourceTree = "<group>";
		};
		2D6B08091CC5D239008F7340 /* Quartz-2dTests */ = {
			isa = PBXGroup;
			children = (
				2D6B080A1CC5D239008F7340 /* Quartz_2dTests.m */,
				2D6B080C1CC5D239008F7340 /* Info.plist */,
			);
			path = "Quartz-2dTests";
			sourceTree = "<group>";
		};
		2D6B08141CC5D23A008F7340 /* Quartz-2dUITests */ = {
			isa = PBXGroup;
			children = (
				2D6B08151CC5D23A008F7340 /* Quartz_2dUITests.m */,
				2D6B08171CC5D23A008F7340 /* Info.plist */,
			);
			path = "Quartz-2dUITests";
			sourceTree = "<group>";
		};
/* End PBXGroup section */

/* Begin PBXNativeTarget section */
		2D6B07EC1CC5D239008F7340 /* Quartz-2d */ = {
			isa = PBXNativeTarget;
			buildConfigurationList = 2D6B081A1CC5D23A008F7340 /* Build configuration list for PBXNativeTarget "Quartz-2d" */;
			buildPhases = (
				2D6B07E91CC5D239008F7340 /* Sources */,
				2D6B07EA1CC5D239008F7340 /* Frameworks */,
				2D6B07EB1CC5D239008F7340 /* Resources */,
			);
			buildRules = (
			);
			dependencies = (
			);
			name = "Quartz-2d";
			productName = "Quartz-2d";
			productReference = 2D6B07ED1CC5D239008F7340 /* Quartz-2d.app */;
			productType = "com.apple.product-type.application";
		};
		2D6B08051CC5D239008F7340 /* Quartz-2dTests */ = {
			isa = PBXNativeTarget;
			buildConfigurationList = 2D6B081D1CC5D23A008F7340 /* Build configuration list for PBXNativeTarget "Quartz-2dTests" */;
			buildPhases = (
				2D6B08021CC5D239008F7340 /* Sources */,
				2D6B08031CC5D239008F7340 /* Frameworks */,
				2D6B08041CC5D239008F7340 /* Resources */,
			);
			buildRules = (
			);
			dependencies = (
				2D6B08081CC5D239008F7340 /* PBXTargetDependency */,
			);
			name = "Quartz-2dTests";
			productName = "Quartz-2dTests";
			productReference = 2D6B08061CC5D239008F7340 /* Quartz-2dTests.xctest */;
			productType = "com.apple.product-type.bundle.unit-test";
		};
		2D6B08101CC5D239008F7340 /* Quartz-2dUITests */ = {
			isa = PBXNativeTarget;
			buildConfigurationList = 2D6B08201CC5D23A008F7340 /* Build configuration list for PBXNativeTarget "Quartz-2dUITests" */;
			buildPhases = (
				2D6B080D1CC5D239008F7340 /* Sources */,
				2D6B080E1CC5D239008F7340 /* Frameworks */,
				2D6B080F1CC5D239008F7340 /* Resources */,
			);
			buildRules = (
			);
			dependencies = (
				2D6B08131CC5D23A008F7340 /* PBXTargetDependency */,
			);
			name = "Quartz-2dUITests";
			productName = "Quartz-2dUITests";
			productReference = 2D6B08111CC5D239008F7340 /* Quartz-2dUITests.xctest */;
			productType = "com.apple.product-type.bundle.ui-testing";
		};
/* End PBXNativeTarget section */

/* Begin PBXProject section */
		2D6B07E51CC5D239008F7340 /* Project object */ = {
			isa = PBXProject;
			attributes = {
				LastUpgradeCheck = 0720;
				ORGANIZATIONNAME = 304studio;
				TargetAttributes = {
					2D6B07EC1CC5D239008F7340 = {
						CreatedOnToolsVersion = 7.2.1;
						DevelopmentTeam = 497MQHGJ5Z;
					};
					2D6B08051CC5D239008F7340 = {
						CreatedOnToolsVersion = 7.2.1;
						DevelopmentTeam = 497MQHGJ5Z;
						TestTargetID = 2D6B07EC1CC5D239008F7340;
					};
					2D6B08101CC5D239008F7340 = {
						CreatedOnToolsVersion = 7.2.1;
						DevelopmentTeam = 497MQHGJ5Z;
						TestTargetID = 2D6B07EC1CC5D239008F7340;
					};
				};
			};
			buildConfigurationList = 2D6B07E81CC5D239008F7340 /* Build configuration list for PBXProject "Quartz-2d" */;
			compatibilityVersion = "Xcode 3.2";
			developmentRegion = English;
			hasScannedForEncodings = 0;
			knownRegions = (
				en,
				Base,
			);
			mainGroup = 2D6B07E41CC5D239008F7340;
			productRefGroup = 2D6B07EE1CC5D239008F7340 /* Products */;
			projectDirPath = "";
			projectRoot = "";
			targets = (
				2D6B07EC1CC5D239008F7340 /* Quartz-2d */,
				2D6B08051CC5D239008F7340 /* Quartz-2dTests */,
				2D6B08101CC5D239008F7340 /* Quartz-2dUITests */,
			);
		};
/* End PBXProject section */

/* Begin PBXResourcesBuildPhase section */
		2D6B07EB1CC5D239008F7340 /* Resources */ = {
			isa = PBXResourcesBuildPhase;
			buildActionMask = 2147483647;
			files = (
				2D6B08001CC5D239008F7340 /* LaunchScreen.storyboard in Resources */,
				2D6B07FD1CC5D239008F7340 /* Assets.xcassets in Resources */,
				2D6B07FB1CC5D239008F7340 /* Main.storyboard in Resources */,
			);
			runOnlyForDeploymentPostprocessing = 0;
		};
		2D6B08041CC5D239008F7340 /* Resources */ = {
			isa = PBXResourcesBuildPhase;
			buildActionMask = 2147483647;
			files = (
			);
			runOnlyForDeploymentPostprocessing = 0;
		};
		2D6B080F1CC5D239008F7340 /* Resources */ = {
			isa = PBXResourcesBuildPhase;
			buildActionMask = 2147483647;
			files = (
			);
			runOnlyForDeploymentPostprocessing = 0;
		};
/* End PBXResourcesBuildPhase section */

/* Begin PBXSourcesBuildPhase section */
		2D6B07E91CC5D239008F7340 /* Sources */ = {
			isa = PBXSourcesBuildPhase;
			buildActionMask = 2147483647;
			files = (
				2D6B08281CC5D2A4008F7340 /* UIImage+Extension.m in Sources */,
				2D6B07F81CC5D239008F7340 /* ViewController.m in Sources */,
				2D6B07F51CC5D239008F7340 /* AppDelegate.m in Sources */,
				2D6B08251CC5D286008F7340 /* UIView+Extension.m in Sources */,
				2D6B07F21CC5D239008F7340 /* main.m in Sources */,
				2D6B082B1CC5D2BD008F7340 /* WBDrawView.m in Sources */,
			);
			runOnlyForDeploymentPostprocessing = 0;
		};
		2D6B08021CC5D239008F7340 /* Sources */ = {
			isa = PBXSourcesBuildPhase;
			buildActionMask = 2147483647;
			files = (
				2D6B080B1CC5D239008F7340 /* Quartz_2dTests.m in Sources */,
			);
			runOnlyForDeploymentPostprocessing = 0;
		};
		2D6B080D1CC5D239008F7340 /* Sources */ = {
			isa = PBXSourcesBuildPhase;
			buildActionMask = 2147483647;
			files = (
				2D6B08161CC5D23A008F7340 /* Quartz_2dUITests.m in Sources */,
			);
			runOnlyForDeploymentPostprocessing = 0;
		};
/* End PBXSourcesBuildPhase section */

/* Begin PBXTargetDependency section */
		2D6B08081CC5D239008F7340 /* PBXTargetDependency */ = {
			isa = PBXTargetDependency;
			target = 2D6B07EC1CC5D239008F7340 /* Quartz-2d */;
			targetProxy = 2D6B08071CC5D239008F7340 /* PBXContainerItemProxy */;
		};
		2D6B08131CC5D23A008F7340 /* PBXTargetDependency */ = {
			isa = PBXTargetDependency;
			target = 2D6B07EC1CC5D239008F7340 /* Quartz-2d */;
			targetProxy = 2D6B08121CC5D23A008F7340 /* PBXContainerItemProxy */;
		};
/* End PBXTargetDependency section */

/* Begin PBXVariantGroup section */
		2D6B07F91CC5D239008F7340 /* Main.storyboard */ = {
			isa = PBXVariantGroup;
			children = (
				2D6B07FA1CC5D239008F7340 /* Base */,
			);
			name = Main.storyboard;
			sourceTree = "<group>";
		};
		2D6B07FE1CC5D239008F7340 /* LaunchScreen.storyboard */ = {
			isa = PBXVariantGroup;
			children = (
				2D6B07FF1CC5D239008F7340 /* Base */,
			);
			name = LaunchScreen.storyboard;
			sourceTree = "<group>";
		};
/* End PBXVariantGroup section */

/* Begin XCBuildConfiguration section */
		2D6B08181CC5D23A008F7340 /* Debug */ = {
			isa = XCBuildConfiguration;
			buildSettings = {
				ALWAYS_SEARCH_USER_PATHS = NO;
				CLANG_CXX_LANGUAGE_STANDARD = "gnu++0x";
				CLANG_CXX_LIBRARY = "libc++";
				CLANG_ENABLE_MODULES = YES;
				CLANG_ENABLE_OBJC_ARC = YES;
				CLANG_WARN_BOOL_CONVERSION = YES;
				CLANG_WARN_CONSTANT_CONVERSION = YES;
				CLANG_WARN_DIRECT_OBJC_ISA_USAGE = YES_ERROR;
				CLANG_WARN_EMPTY_BODY = YES;
				CLANG_WARN_ENUM_CONVERSION = YES;
				CLANG_WARN_INT_CONVERSION = YES;
				CLANG_WARN_OBJC_ROOT_CLASS = YES_ERROR;
				CLANG_WARN_UNREACHABLE_CODE = YES;
				CLANG_WARN__DUPLICATE_METHOD_MATCH = YES;
				"CODE_SIGN_IDENTITY[sdk=iphoneos*]" = "iPhone Developer";
				COPY_PHASE_STRIP = NO;
				DEBUG_INFORMATION_FORMAT = dwarf;
				ENABLE_STRICT_OBJC_MSGSEND = YES;
				ENABLE_TESTABILITY = YES;
				GCC_C_LANGUAGE_STANDARD = gnu99;
				GCC_DYNAMIC_NO_PIC = NO;
				GCC_NO_COMMON_BLOCKS = YES;
				GCC_OPTIMIZATION_LEVEL = 0;
				GCC_PREPROCESSOR_DEFINITIONS = (
					"DEBUG=1",
					"$(inherited)",
				);
				GCC_WARN_64_TO_32_BIT_CONVERSION = YES;
				GCC_WARN_ABOUT_RETURN_TYPE = YES_ERROR;
				GCC_WARN_UNDECLARED_SELECTOR = YES;
				GCC_WARN_UNINITIALIZED_AUTOS = YES_AGGRESSIVE;
				GCC_WARN_UNUSED_FUNCTION = YES;
				GCC_WARN_UNUSED_VARIABLE = YES;
				IPHONEOS_DEPLOYMENT_TARGET = 9.2;
				MTL_ENABLE_DEBUG_INFO = YES;
				ONLY_ACTIVE_ARCH = YES;
				SDKROOT = iphoneos;
			};
			name = Debug;
		};
		2D6B08191CC5D23A008F7340 /* Release */ = {
			isa = XCBuildConfiguration;
			buildSettings = {
				ALWAYS_SEARCH_USER_PATHS = NO;
				CLANG_CXX_LANGUAGE_STANDARD = "gnu++0x";
				CLANG_CXX_LIBRARY = "libc++";
				CLANG_ENABLE_MODULES = YES;
				CLANG_ENABLE_OBJC_ARC = YES;
				CLANG_WARN_BOOL_CONVERSION = YES;
				CLANG_WARN_CONSTANT_CONVERSION = YES;
				CLANG_WARN_DIRECT_OBJC_ISA_USAGE = YES_ERROR;
				CLANG_WARN_EMPTY_BODY = YES;
				CLANG_WARN_ENUM_CONVERSION = YES;
				CLANG_WARN_INT_CONVERSION = YES;
				CLANG_WARN_OBJC_ROOT_CLASS = YES_ERROR;
				CLANG_WARN_UNREACHABLE_CODE = YES;
				CLANG_WARN__DUPLICATE_METHOD_MATCH = YES;
				"CODE_SIGN_IDENTITY[sdk=iphoneos*]" = "iPhone Developer";
				COPY_PHASE_STRIP = NO;
				DEBUG_INFORMATION_FORMAT = "dwarf-with-dsym";
				ENABLE_NS_ASSERTIONS = NO;
				ENABLE_STRICT_OBJC_MSGSEND = YES;
				GCC_C_LANGUAGE_STANDARD = gnu99;
				GCC_NO_COMMON_BLOCKS = YES;
				GCC_WARN_64_TO_32_BIT_CONVERSION = YES;
				GCC_WARN_ABOUT_RETURN_TYPE = YES_ERROR;
				GCC_WARN_UNDECLARED_SELECTOR = YES;
				GCC_WARN_UNINITIALIZED_AUTOS = YES_AGGRESSIVE;
				GCC_WARN_UNUSED_FUNCTION = YES;
				GCC_WARN_UNUSED_VARIABLE = YES;
				IPHONEOS_DEPLOYMENT_TARGET = 9.2;
				MTL_ENABLE_DEBUG_INFO = NO;
				SDKROOT = iphoneos;
				VALIDATE_PRODUCT = YES;
			};
			name = Release;
		};
		2D6B081B1CC5D23A008F7340 /* Debug */ = {
			isa = XCBuildConfiguration;
			buildSettings = {
				ASSETCATALOG_COMPILER_APPICON_NAME = AppIcon;
				INFOPLIST_FILE = "Quartz-2d/Info.plist";
				LD_RUNPATH_SEARCH_PATHS = "$(inherited) @executable_path/Frameworks";
				PRODUCT_BUNDLE_IDENTIFIER = "com.304.WB.Quartz-2d";
				PRODUCT_NAME = "$(TARGET_NAME)";
			};
			name = Debug;
		};
		2D6B081C1CC5D23A008F7340 /* Release */ = {
			isa = XCBuildConfiguration;
			buildSettings = {
				ASSETCATALOG_COMPILER_APPICON_NAME = AppIcon;
				INFOPLIST_FILE = "Quartz-2d/Info.plist";
				LD_RUNPATH_SEARCH_PATHS = "$(inherited) @executable_path/Frameworks";
				PRODUCT_BUNDLE_IDENTIFIER = "com.304.WB.Quartz-2d";
				PRODUCT_NAME = "$(TARGET_NAME)";
			};
			name = Release;
		};
		2D6B081E1CC5D23A008F7340 /* Debug */ = {
			isa = XCBuildConfiguration;
			buildSettings = {
				BUNDLE_LOADER = "$(TEST_HOST)";
				INFOPLIST_FILE = "Quartz-2dTests/Info.plist";
				LD_RUNPATH_SEARCH_PATHS = "$(inherited) @executable_path/Frameworks @loader_path/Frameworks";
				PRODUCT_BUNDLE_IDENTIFIER = "com.304.WB.Quartz-2dTests";
				PRODUCT_NAME = "$(TARGET_NAME)";
				TEST_HOST = "$(BUILT_PRODUCTS_DIR)/Quartz-2d.app/Quartz-2d";
			};
			name = Debug;
		};
		2D6B081F1CC5D23A008F7340 /* Release */ = {
			isa = XCBuildConfiguration;
			buildSettings = {
				BUNDLE_LOADER = "$(TEST_HOST)";
				INFOPLIST_FILE = "Quartz-2dTests/Info.plist";
				LD_RUNPATH_SEARCH_PATHS = "$(inherited) @executable_path/Frameworks @loader_path/Frameworks";
				PRODUCT_BUNDLE_IDENTIFIER = "com.304.WB.Quartz-2dTests";
				PRODUCT_NAME = "$(TARGET_NAME)";
				TEST_HOST = "$(BUILT_PRODUCTS_DIR)/Quartz-2d.app/Quartz-2d";
			};
			name = Release;
		};
		2D6B08211CC5D23A008F7340 /* Debug */ = {
			isa = XCBuildConfiguration;
			buildSettings = {
				INFOPLIST_FILE = "Quartz-2dUITests/Info.plist";
				LD_RUNPATH_SEARCH_PATHS = "$(inherited) @executable_path/Frameworks @loader_path/Frameworks";
				PRODUCT_BUNDLE_IDENTIFIER = "com.304.WB.Quartz-2dUITests";
				PRODUCT_NAME = "$(TARGET_NAME)";
				TEST_TARGET_NAME = "Quartz-2d";
				USES_XCTRUNNER = YES;
			};
			name = Debug;
		};
		2D6B08221CC5D23A008F7340 /* Release */ = {
			isa = XCBuildConfiguration;
			buildSettings = {
				INFOPLIST_FILE = "Quartz-2dUITests/Info.plist";
				LD_RUNPATH_SEARCH_PATHS = "$(inherited) @executable_path/Frameworks @loader_path/Frameworks";
				PRODUCT_BUNDLE_IDENTIFIER = "com.304.WB.Quartz-2dUITests";
				PRODUCT_NAME = "$(TARGET_NAME)";
				TEST_TARGET_NAME = "Quartz-2d";
				USES_XCTRUNNER = YES;
			};
			name = Release;
		};
/* End XCBuildConfiguration section */

/* Begin XCConfigurationList section */
		2D6B07E81CC5D239008F7340 /* Build configuration list for PBXProject "Quartz-2d" */ = {
			isa = XCConfigurationList;
			buildConfigurations = (
				2D6B08181CC5D23A008F7340 /* Debug */,
				2D6B08191CC5D23A008F7340 /* Release */,
			);
			defaultConfigurationIsVisible = 0;
			defaultConfigurationName = Release;
		};
		2D6B081A1CC5D23A008F7340 /* Build configuration list for PBXNativeTarget "Quartz-2d" */ = {
			isa = XCConfigurationList;
			buildConfigurations = (
				2D6B081B1CC5D23A008F7340 /* Debug */,
				2D6B081C1CC5D23A008F7340 /* Release */,
			);
			defaultConfigurationIsVisible = 0;
		};
		2D6B081D1CC5D23A008F7340 /* Build configuration list for PBXNativeTarget "Quartz-2dTests" */ = {
			isa = XCConfigurationList;
			buildConfigurations = (
				2D6B081E1CC5D23A008F7340 /* Debug */,
				2D6B081F1CC5D23A008F7340 /* Release */,
			);
			defaultConfigurationIsVisible = 0;
		};
		2D6B08201CC5D23A008F7340 /* Build configuration list for PBXNativeTarget "Quartz-2dUITests" */ = {
			isa = XCConfigurationList;
			buildConfigurations = (
				2D6B08211CC5D23A008F7340 /* Debug */,
				2D6B08221CC5D23A008F7340 /* Release */,
			);
			defaultConfigurationIsVisible = 0;
		};
/* End XCConfigurationList section */
	};
	rootObject = 2D6B07E51CC5D239008F7340 /* Project object */;
}
