// !$*UTF8*$!
{
	archiveVersion = 1;
	classes = {
	};
	objectVersion = 46;
	objects = {

/* Begin PBXBuildFile section */
		2D7649611EC31A7400AC19AB /* AppDelegate.swift in Sources */ = {isa = PBXBuildFile; fileRef = 2D7649601EC31A7400AC19AB /* AppDelegate.swift */; };
		2D7649631EC31A7400AC19AB /* ViewController.swift in Sources */ = {isa = PBXBuildFile; fileRef = 2D7649621EC31A7400AC19AB /* ViewController.swift */; };
		2D7649661EC31A7400AC19AB /* Main.storyboard in Resources */ = {isa = PBXBuildFile; fileRef = 2D7649641EC31A7400AC19AB /* Main.storyboard */; };
		2D7649681EC31A7400AC19AB /* Assets.xcassets in Resources */ = {isa = PBXBuildFile; fileRef = 2D7649671EC31A7400AC19AB /* Assets.xcassets */; };
		2D76496B1EC31A7400AC19AB /* LaunchScreen.storyboard in Resources */ = {isa = PBXBuildFile; fileRef = 2D7649691EC31A7400AC19AB /* LaunchScreen.storyboard */; };
/* End PBXBuildFile section */

/* Begin PBXFileReference section */
		2D76495D1EC31A7400AC19AB /* JavaScriptCore.app */ = {isa = PBXFileReference; explicitFileType = wrapper.application; includeInIndex = 0; path = JavaScriptCore.app; sourceTree = BUILT_PRODUCTS_DIR; };
		2D7649601EC31A7400AC19AB /* AppDelegate.swift */ = {isa = PBXFileReference; lastKnownFileType = sourcecode.swift; path = AppDelegate.swift; sourceTree = "<group>"; };
		2D7649621EC31A7400AC19AB /* ViewController.swift */ = {isa = PBXFileReference; lastKnownFileType = sourcecode.swift; path = ViewController.swift; sourceTree = "<group>"; };
		2D7649651EC31A7400AC19AB /* Base */ = {isa = PBXFileReference; lastKnownFileType = file.storyboard; name = Base; path = Base.lproj/Main.storyboard; sourceTree = "<group>"; };
		2D7649671EC31A7400AC19AB /* Assets.xcassets */ = {isa = PBXFileReference; lastKnownFileType = folder.assetcatalog; path = Assets.xcassets; sourceTree = "<group>"; };
		2D76496A1EC31A7400AC19AB /* Base */ = {isa = PBXFileReference; lastKnownFileType = file.storyboard; name = Base; path = Base.lproj/LaunchScreen.storyboard; sourceTree = "<group>"; };
		2D76496C1EC31A7400AC19AB /* Info.plist */ = {isa = PBXFileReference; lastKnownFileType = text.plist.xml; path = Info.plist; sourceTree = "<group>"; };
/* End PBXFileReference section */

/* Begin PBXFrameworksBuildPhase section */
		2D76495A1EC31A7400AC19AB /* Frameworks */ = {
			isa = PBXFrameworksBuildPhase;
			buildActionMask = 2147483647;
			files = (
			);
			runOnlyForDeploymentPostprocessing = 0;
		};
/* End PBXFrameworksBuildPhase section */

/* Begin PBXGroup section */
		2D7649541EC31A7300AC19AB = {
			isa = PBXGroup;
			children = (
				2D76495F1EC31A7400AC19AB /* JavaScriptCore */,
				2D76495E1EC31A7400AC19AB /* Products */,
			);
			sourceTree = "<group>";
		};
		2D76495E1EC31A7400AC19AB /* Products */ = {
			isa = PBXGroup;
			children = (
				2D76495D1EC31A7400AC19AB /* JavaScriptCore.app */,
			);
			name = Products;
			sourceTree = "<group>";
		};
		2D76495F1EC31A7400AC19AB /* JavaScriptCore */ = {
			isa = PBXGroup;
			children = (
				2D7649601EC31A7400AC19AB /* AppDelegate.swift */,
				2D7649621EC31A7400AC19AB /* ViewController.swift */,
				2D7649641EC31A7400AC19AB /* Main.storyboard */,
				2D7649671EC31A7400AC19AB /* Assets.xcassets */,
				2D7649691EC31A7400AC19AB /* LaunchScreen.storyboard */,
				2D76496C1EC31A7400AC19AB /* Info.plist */,
			);
			path = JavaScriptCore;
			sourceTree = "<group>";
		};
/* End PBXGroup section */

/* Begin PBXNativeTarget section */
		2D76495C1EC31A7400AC19AB /* JavaScriptCore */ = {
			isa = PBXNativeTarget;
			buildConfigurationList = 2D76496F1EC31A7400AC19AB /* Build configuration list for PBXNativeTarget "JavaScriptCore" */;
			buildPhases = (
				2D7649591EC31A7400AC19AB /* Sources */,
				2D76495A1EC31A7400AC19AB /* Frameworks */,
				2D76495B1EC31A7400AC19AB /* Resources */,
			);
			buildRules = (
			);
			dependencies = (
			);
			name = JavaScriptCore;
			productName = JavaScriptCore;
			productReference = 2D76495D1EC31A7400AC19AB /* JavaScriptCore.app */;
			productType = "com.apple.product-type.application";
		};
/* End PBXNativeTarget section */

/* Begin PBXProject section */
		2D7649551EC31A7400AC19AB /* Project object */ = {
			isa = PBXProject;
			attributes = {
				LastSwiftUpdateCheck = 0820;
				LastUpgradeCheck = 0820;
				ORGANIZATIONNAME = NewsInPalm;
				TargetAttributes = {
					2D76495C1EC31A7400AC19AB = {
						CreatedOnToolsVersion = 8.2;
						DevelopmentTeam = 74EBQPNV7H;
						ProvisioningStyle = Automatic;
					};
				};
			};
			buildConfigurationList = 2D7649581EC31A7400AC19AB /* Build configuration list for PBXProject "JavaScriptCore" */;
			compatibilityVersion = "Xcode 3.2";
			developmentRegion = English;
			hasScannedForEncodings = 0;
			knownRegions = (
				en,
				Base,
			);
			mainGroup = 2D7649541EC31A7300AC19AB;
			productRefGroup = 2D76495E1EC31A7400AC19AB /* Products */;
			projectDirPath = "";
			projectRoot = "";
			targets = (
				2D76495C1EC31A7400AC19AB /* JavaScriptCore */,
			);
		};
/* End PBXProject section */

/* Begin PBXResourcesBuildPhase section */
		2D76495B1EC31A7400AC19AB /* Resources */ = {
			isa = PBXResourcesBuildPhase;
			buildActionMask = 2147483647;
			files = (
				2D76496B1EC31A7400AC19AB /* LaunchScreen.storyboard in Resources */,
				2D7649681EC31A7400AC19AB /* Assets.xcassets in Resources */,
				2D7649661EC31A7400AC19AB /* Main.storyboard in Resources */,
			);
			runOnlyForDeploymentPostprocessing = 0;
		};
/* End PBXResourcesBuildPhase section */

/* Begin PBXSourcesBuildPhase section */
		2D7649591EC31A7400AC19AB /* Sources */ = {
			isa = PBXSourcesBuildPhase;
			buildActionMask = 2147483647;
			files = (
				2D7649631EC31A7400AC19AB /* ViewController.swift in Sources */,
				2D7649611EC31A7400AC19AB /* AppDelegate.swift in Sources */,
			);
			runOnlyForDeploymentPostprocessing = 0;
		};
/* End PBXSourcesBuildPhase section */

/* Begin PBXVariantGroup section */
		2D7649641EC31A7400AC19AB /* Main.storyboard */ = {
			isa = PBXVariantGroup;
			children = (
				2D7649651EC31A7400AC19AB /* Base */,
			);
			name = Main.storyboard;
			sourceTree = "<group>";
		};
		2D7649691EC31A7400AC19AB /* LaunchScreen.storyboard */ = {
			isa = PBXVariantGroup;
			children = (
				2D76496A1EC31A7400AC19AB /* Base */,
			);
			name = LaunchScreen.storyboard;
			sourceTree = "<group>";
		};
/* End PBXVariantGroup section */

/* Begin XCBuildConfiguration section */
		2D76496D1EC31A7400AC19AB /* Debug */ = {
			isa = XCBuildConfiguration;
			buildSettings = {
				ALWAYS_SEARCH_USER_PATHS = NO;
				CLANG_ANALYZER_NONNULL = YES;
				CLANG_CXX_LANGUAGE_STANDARD = "gnu++0x";
				CLANG_CXX_LIBRARY = "libc++";
				CLANG_ENABLE_MODULES = YES;
				CLANG_ENABLE_OBJC_ARC = YES;
				CLANG_WARN_BOOL_CONVERSION = YES;
				CLANG_WARN_CONSTANT_CONVERSION = YES;
				CLANG_WARN_DIRECT_OBJC_ISA_USAGE = YES_ERROR;
				CLANG_WARN_DOCUMENTATION_COMMENTS = YES;
				CLANG_WARN_EMPTY_BODY = YES;
				CLANG_WARN_ENUM_CONVERSION = YES;
				CLANG_WARN_INFINITE_RECURSION = YES;
				CLANG_WARN_INT_CONVERSION = YES;
				CLANG_WARN_OBJC_ROOT_CLASS = YES_ERROR;
				CLANG_WARN_SUSPICIOUS_MOVE = YES;
				CLANG_WARN_UNREACHABLE_CODE = YES;
				CLANG_WARN__DUPLICATE_METHOD_MATCH = YES;
				"CODE_SIGN_IDENTITY[sdk=iphoneos*]" = "iPhone Developer";
				COPY_PHASE_STRIP = NO;
				DEBUG_INFORMATION_FORMAT = dwarf;
				ENABLE_STRICT_OBJC_MSGSEND = YES;
				ENABLE_TESTABILITY = YES;
				GCC_C_LANGUAGE_STANDARD = gnu99;
				GCC_DYNAMIC_NO_PIC = NO;
				GCC_NO_COMMON_BLOCKS = YES;
				GCC_OPTIMIZATION_LEVEL = 0;
				GCC_PREPROCESSOR_DEFINITIONS = (
					"DEBUG=1",
					"$(inherited)",
				);
				GCC_WARN_64_TO_32_BIT_CONVERSION = YES;
				GCC_WARN_ABOUT_RETURN_TYPE = YES_ERROR;
				GCC_WARN_UNDECLARED_SELECTOR = YES;
				GCC_WARN_UNINITIALIZED_AUTOS = YES_AGGRESSIVE;
				GCC_WARN_UNUSED_FUNCTION = YES;
				GCC_WARN_UNUSED_VARIABLE = YES;
				IPHONEOS_DEPLOYMENT_TARGET = 10.2;
				MTL_ENABLE_DEBUG_INFO = YES;
				ONLY_ACTIVE_ARCH = YES;
				SDKROOT = iphoneos;
				SWIFT_ACTIVE_COMPILATION_CONDITIONS = DEBUG;
				SWIFT_OPTIMIZATION_LEVEL = "-Onone";
			};
			name = Debug;
		};
		2D76496E1EC31A7400AC19AB /* Release */ = {
			isa = XCBuildConfiguration;
			buildSettings = {
				ALWAYS_SEARCH_USER_PATHS = NO;
				CLANG_ANALYZER_NONNULL = YES;
				CLANG_CXX_LANGUAGE_STANDARD = "gnu++0x";
				CLANG_CXX_LIBRARY = "libc++";
				CLANG_ENABLE_MODULES = YES;
				CLANG_ENABLE_OBJC_ARC = YES;
				CLANG_WARN_BOOL_CONVERSION = YES;
				CLANG_WARN_CONSTANT_CONVERSION = YES;
				CLANG_WARN_DIRECT_OBJC_ISA_USAGE = YES_ERROR;
				CLANG_WARN_DOCUMENTATION_COMMENTS = YES;
				CLANG_WARN_EMPTY_BODY = YES;
				CLANG_WARN_ENUM_CONVERSION = YES;
				CLANG_WARN_INFINITE_RECURSION = YES;
				CLANG_WARN_INT_CONVERSION = YES;
				CLANG_WARN_OBJC_ROOT_CLASS = YES_ERROR;
				CLANG_WARN_SUSPICIOUS_MOVE = YES;
				CLANG_WARN_UNREACHABLE_CODE = YES;
				CLANG_WARN__DUPLICATE_METHOD_MATCH = YES;
				"CODE_SIGN_IDENTITY[sdk=iphoneos*]" = "iPhone Developer";
				COPY_PHASE_STRIP = NO;
				DEBUG_INFORMATION_FORMAT = "dwarf-with-dsym";
				ENABLE_NS_ASSERTIONS = NO;
				ENABLE_STRICT_OBJC_MSGSEND = YES;
				GCC_C_LANGUAGE_STANDARD = gnu99;
				GCC_NO_COMMON_BLOCKS = YES;
				GCC_WARN_64_TO_32_BIT_CONVERSION = YES;
				GCC_WARN_ABOUT_RETURN_TYPE = YES_ERROR;
				GCC_WARN_UNDECLARED_SELECTOR = YES;
				GCC_WARN_UNINITIALIZED_AUTOS = YES_AGGRESSIVE;
				GCC_WARN_UNUSED_FUNCTION = YES;
				GCC_WARN_UNUSED_VARIABLE = YES;
				IPHONEOS_DEPLOYMENT_TARGET = 10.2;
				MTL_ENABLE_DEBUG_INFO = NO;
				SDKROOT = iphoneos;
				SWIFT_OPTIMIZATION_LEVEL = "-Owholemodule";
				VALIDATE_PRODUCT = YES;
			};
			name = Release;
		};
		2D7649701EC31A7400AC19AB /* Debug */ = {
			isa = XCBuildConfiguration;
			buildSettings = {
				ASSETCATALOG_COMPILER_APPICON_NAME = AppIcon;
				DEVELOPMENT_TEAM = 74EBQPNV7H;
				INFOPLIST_FILE = JavaScriptCore/Info.plist;
				LD_RUNPATH_SEARCH_PATHS = "$(inherited) @executable_path/Frameworks";
				PRODUCT_BUNDLE_IDENTIFIER = com.newsinpalm.JavaScriptCore;
				PRODUCT_NAME = "$(TARGET_NAME)";
				SWIFT_VERSION = 3.0;
			};
			name = Debug;
		};
		2D7649711EC31A7400AC19AB /* Release */ = {
			isa = XCBuildConfiguration;
			buildSettings = {
				ASSETCATALOG_COMPILER_APPICON_NAME = AppIcon;
				DEVELOPMENT_TEAM = 74EBQPNV7H;
				INFOPLIST_FILE = JavaScriptCore/Info.plist;
				LD_RUNPATH_SEARCH_PATHS = "$(inherited) @executable_path/Frameworks";
				PRODUCT_BUNDLE_IDENTIFIER = com.newsinpalm.JavaScriptCore;
				PRODUCT_NAME = "$(TARGET_NAME)";
				SWIFT_VERSION = 3.0;
			};
			name = Release;
		};
/* End XCBuildConfiguration section */

/* Begin XCConfigurationList section */
		2D7649581EC31A7400AC19AB /* Build configuration list for PBXProject "JavaScriptCore" */ = {
			isa = XCConfigurationList;
			buildConfigurations = (
				2D76496D1EC31A7400AC19AB /* Debug */,
				2D76496E1EC31A7400AC19AB /* Release */,
			);
			defaultConfigurationIsVisible = 0;
			defaultConfigurationName = Release;
		};
		2D76496F1EC31A7400AC19AB /* Build configuration list for PBXNativeTarget "JavaScriptCore" */ = {
			isa = XCConfigurationList;
			buildConfigurations = (
				2D7649701EC31A7400AC19AB /* Debug */,
				2D7649711EC31A7400AC19AB /* Release */,
			);
			defaultConfigurationIsVisible = 0;
		};
/* End XCConfigurationList section */
	};
	rootObject = 2D7649551EC31A7400AC19AB /* Project object */;
}
