// !$*UTF8*$!
{
	archiveVersion = 1;
	classes = {
	};
	objectVersion = 46;
	objects = {

/* Begin PBXBuildFile section */
		2DE4981C1ED5845500B92D84 /* AppDelegate.swift in Sources */ = {isa = PBXBuildFile; fileRef = 2DE4981B1ED5845500B92D84 /* AppDelegate.swift */; };
		2DE4981E1ED5845500B92D84 /* ViewController.swift in Sources */ = {isa = PBXBuildFile; fileRef = 2DE4981D1ED5845500B92D84 /* ViewController.swift */; };
		2DE498211ED5845500B92D84 /* Main.storyboard in Resources */ = {isa = PBXBuildFile; fileRef = 2DE4981F1ED5845500B92D84 /* Main.storyboard */; };
		2DE498231ED5845500B92D84 /* Assets.xcassets in Resources */ = {isa = PBXBuildFile; fileRef = 2DE498221ED5845500B92D84 /* Assets.xcassets */; };
		2DE498261ED5845500B92D84 /* LaunchScreen.storyboard in Resources */ = {isa = PBXBuildFile; fileRef = 2DE498241ED5845500B92D84 /* LaunchScreen.storyboard */; };
		2DE4982F1ED5850000B92D84 /* VideoCell.swift in Sources */ = {isa = PBXBuildFile; fileRef = 2DE4982D1ED5850000B92D84 /* VideoCell.swift */; };
		2DE498301ED5850000B92D84 /* VideoCell.xib in Resources */ = {isa = PBXBuildFile; fileRef = 2DE4982E1ED5850000B92D84 /* VideoCell.xib */; };
		2DE498321ED585B500B92D84 /* Model.swift in Sources */ = {isa = PBXBuildFile; fileRef = 2DE498311ED585B500B92D84 /* Model.swift */; };
/* End PBXBuildFile section */

/* Begin PBXFileReference section */
		2DE498181ED5845500B92D84 /* TableView.app */ = {isa = PBXFileReference; explicitFileType = wrapper.application; includeInIndex = 0; path = TableView.app; sourceTree = BUILT_PRODUCTS_DIR; };
		2DE4981B1ED5845500B92D84 /* AppDelegate.swift */ = {isa = PBXFileReference; lastKnownFileType = sourcecode.swift; path = AppDelegate.swift; sourceTree = "<group>"; };
		2DE4981D1ED5845500B92D84 /* ViewController.swift */ = {isa = PBXFileReference; lastKnownFileType = sourcecode.swift; path = ViewController.swift; sourceTree = "<group>"; };
		2DE498201ED5845500B92D84 /* Base */ = {isa = PBXFileReference; lastKnownFileType = file.storyboard; name = Base; path = Base.lproj/Main.storyboard; sourceTree = "<group>"; };
		2DE498221ED5845500B92D84 /* Assets.xcassets */ = {isa = PBXFileReference; lastKnownFileType = folder.assetcatalog; path = Assets.xcassets; sourceTree = "<group>"; };
		2DE498251ED5845500B92D84 /* Base */ = {isa = PBXFileReference; lastKnownFileType = file.storyboard; name = Base; path = Base.lproj/LaunchScreen.storyboard; sourceTree = "<group>"; };
		2DE498271ED5845500B92D84 /* Info.plist */ = {isa = PBXFileReference; lastKnownFileType = text.plist.xml; path = Info.plist; sourceTree = "<group>"; };
		2DE4982D1ED5850000B92D84 /* VideoCell.swift */ = {isa = PBXFileReference; fileEncoding = 4; lastKnownFileType = sourcecode.swift; path = VideoCell.swift; sourceTree = "<group>"; };
		2DE4982E1ED5850000B92D84 /* VideoCell.xib */ = {isa = PBXFileReference; fileEncoding = 4; lastKnownFileType = file.xib; path = VideoCell.xib; sourceTree = "<group>"; };
		2DE498311ED585B500B92D84 /* Model.swift */ = {isa = PBXFileReference; fileEncoding = 4; lastKnownFileType = sourcecode.swift; path = Model.swift; sourceTree = "<group>"; };
/* End PBXFileReference section */

/* Begin PBXFrameworksBuildPhase section */
		2DE498151ED5845500B92D84 /* Frameworks */ = {
			isa = PBXFrameworksBuildPhase;
			buildActionMask = 2147483647;
			files = (
			);
			runOnlyForDeploymentPostprocessing = 0;
		};
/* End PBXFrameworksBuildPhase section */

/* Begin PBXGroup section */
		2DE4980F1ED5845400B92D84 = {
			isa = PBXGroup;
			children = (
				2DE4981A1ED5845500B92D84 /* TableView */,
				2DE498191ED5845500B92D84 /* Products */,
			);
			sourceTree = "<group>";
		};
		2DE498191ED5845500B92D84 /* Products */ = {
			isa = PBXGroup;
			children = (
				2DE498181ED5845500B92D84 /* TableView.app */,
			);
			name = Products;
			sourceTree = "<group>";
		};
		2DE4981A1ED5845500B92D84 /* TableView */ = {
			isa = PBXGroup;
			children = (
				2DE4981B1ED5845500B92D84 /* AppDelegate.swift */,
				2DE4981D1ED5845500B92D84 /* ViewController.swift */,
				2DE4982D1ED5850000B92D84 /* VideoCell.swift */,
				2DE4982E1ED5850000B92D84 /* VideoCell.xib */,
				2DE498311ED585B500B92D84 /* Model.swift */,
				2DE4981F1ED5845500B92D84 /* Main.storyboard */,
				2DE498221ED5845500B92D84 /* Assets.xcassets */,
				2DE498241ED5845500B92D84 /* LaunchScreen.storyboard */,
				2DE498271ED5845500B92D84 /* Info.plist */,
			);
			path = TableView;
			sourceTree = "<group>";
		};
/* End PBXGroup section */

/* Begin PBXNativeTarget section */
		2DE498171ED5845500B92D84 /* TableView */ = {
			isa = PBXNativeTarget;
			buildConfigurationList = 2DE4982A1ED5845500B92D84 /* Build configuration list for PBXNativeTarget "TableView" */;
			buildPhases = (
				2DE498141ED5845500B92D84 /* Sources */,
				2DE498151ED5845500B92D84 /* Frameworks */,
				2DE498161ED5845500B92D84 /* Resources */,
			);
			buildRules = (
			);
			dependencies = (
			);
			name = TableView;
			productName = TableView;
			productReference = 2DE498181ED5845500B92D84 /* TableView.app */;
			productType = "com.apple.product-type.application";
		};
/* End PBXNativeTarget section */

/* Begin PBXProject section */
		2DE498101ED5845400B92D84 /* Project object */ = {
			isa = PBXProject;
			attributes = {
				LastSwiftUpdateCheck = 0820;
				LastUpgradeCheck = 0820;
				ORGANIZATIONNAME = NewsInPalm;
				TargetAttributes = {
					2DE498171ED5845500B92D84 = {
						CreatedOnToolsVersion = 8.2;
						DevelopmentTeam = 74EBQPNV7H;
						ProvisioningStyle = Automatic;
					};
				};
			};
			buildConfigurationList = 2DE498131ED5845400B92D84 /* Build configuration list for PBXProject "TableView" */;
			compatibilityVersion = "Xcode 3.2";
			developmentRegion = English;
			hasScannedForEncodings = 0;
			knownRegions = (
				en,
				Base,
			);
			mainGroup = 2DE4980F1ED5845400B92D84;
			productRefGroup = 2DE498191ED5845500B92D84 /* Products */;
			projectDirPath = "";
			projectRoot = "";
			targets = (
				2DE498171ED5845500B92D84 /* TableView */,
			);
		};
/* End PBXProject section */

/* Begin PBXResourcesBuildPhase section */
		2DE498161ED5845500B92D84 /* Resources */ = {
			isa = PBXResourcesBuildPhase;
			buildActionMask = 2147483647;
			files = (
				2DE498261ED5845500B92D84 /* LaunchScreen.storyboard in Resources */,
				2DE498301ED5850000B92D84 /* VideoCell.xib in Resources */,
				2DE498231ED5845500B92D84 /* Assets.xcassets in Resources */,
				2DE498211ED5845500B92D84 /* Main.storyboard in Resources */,
			);
			runOnlyForDeploymentPostprocessing = 0;
		};
/* End PBXResourcesBuildPhase section */

/* Begin PBXSourcesBuildPhase section */
		2DE498141ED5845500B92D84 /* Sources */ = {
			isa = PBXSourcesBuildPhase;
			buildActionMask = 2147483647;
			files = (
				2DE4981E1ED5845500B92D84 /* ViewController.swift in Sources */,
				2DE4981C1ED5845500B92D84 /* AppDelegate.swift in Sources */,
				2DE4982F1ED5850000B92D84 /* VideoCell.swift in Sources */,
				2DE498321ED585B500B92D84 /* Model.swift in Sources */,
			);
			runOnlyForDeploymentPostprocessing = 0;
		};
/* End PBXSourcesBuildPhase section */

/* Begin PBXVariantGroup section */
		2DE4981F1ED5845500B92D84 /* Main.storyboard */ = {
			isa = PBXVariantGroup;
			children = (
				2DE498201ED5845500B92D84 /* Base */,
			);
			name = Main.storyboard;
			sourceTree = "<group>";
		};
		2DE498241ED5845500B92D84 /* LaunchScreen.storyboard */ = {
			isa = PBXVariantGroup;
			children = (
				2DE498251ED5845500B92D84 /* Base */,
			);
			name = LaunchScreen.storyboard;
			sourceTree = "<group>";
		};
/* End PBXVariantGroup section */

/* Begin XCBuildConfiguration section */
		2DE498281ED5845500B92D84 /* Debug */ = {
			isa = XCBuildConfiguration;
			buildSettings = {
				ALWAYS_SEARCH_USER_PATHS = NO;
				CLANG_ANALYZER_NONNULL = YES;
				CLANG_CXX_LANGUAGE_STANDARD = "gnu++0x";
				CLANG_CXX_LIBRARY = "libc++";
				CLANG_ENABLE_MODULES = YES;
				CLANG_ENABLE_OBJC_ARC = YES;
				CLANG_WARN_BOOL_CONVERSION = YES;
				CLANG_WARN_CONSTANT_CONVERSION = YES;
				CLANG_WARN_DIRECT_OBJC_ISA_USAGE = YES_ERROR;
				CLANG_WARN_DOCUMENTATION_COMMENTS = YES;
				CLANG_WARN_EMPTY_BODY = YES;
				CLANG_WARN_ENUM_CONVERSION = YES;
				CLANG_WARN_INFINITE_RECURSION = YES;
				CLANG_WARN_INT_CONVERSION = YES;
				CLANG_WARN_OBJC_ROOT_CLASS = YES_ERROR;
				CLANG_WARN_SUSPICIOUS_MOVE = YES;
				CLANG_WARN_UNREACHABLE_CODE = YES;
				CLANG_WARN__DUPLICATE_METHOD_MATCH = YES;
				"CODE_SIGN_IDENTITY[sdk=iphoneos*]" = "iPhone Developer";
				COPY_PHASE_STRIP = NO;
				DEBUG_INFORMATION_FORMAT = dwarf;
				ENABLE_STRICT_OBJC_MSGSEND = YES;
				ENABLE_TESTABILITY = YES;
				GCC_C_LANGUAGE_STANDARD = gnu99;
				GCC_DYNAMIC_NO_PIC = NO;
				GCC_NO_COMMON_BLOCKS = YES;
				GCC_OPTIMIZATION_LEVEL = 0;
				GCC_PREPROCESSOR_DEFINITIONS = (
					"DEBUG=1",
					"$(inherited)",
				);
				GCC_WARN_64_TO_32_BIT_CONVERSION = YES;
				GCC_WARN_ABOUT_RETURN_TYPE = YES_ERROR;
				GCC_WARN_UNDECLARED_SELECTOR = YES;
				GCC_WARN_UNINITIALIZED_AUTOS = YES_AGGRESSIVE;
				GCC_WARN_UNUSED_FUNCTION = YES;
				GCC_WARN_UNUSED_VARIABLE = YES;
				IPHONEOS_DEPLOYMENT_TARGET = 10.2;
				MTL_ENABLE_DEBUG_INFO = YES;
				ONLY_ACTIVE_ARCH = YES;
				SDKROOT = iphoneos;
				SWIFT_ACTIVE_COMPILATION_CONDITIONS = DEBUG;
				SWIFT_OPTIMIZATION_LEVEL = "-Onone";
			};
			name = Debug;
		};
		2DE498291ED5845500B92D84 /* Release */ = {
			isa = XCBuildConfiguration;
			buildSettings = {
				ALWAYS_SEARCH_USER_PATHS = NO;
				CLANG_ANALYZER_NONNULL = YES;
				CLANG_CXX_LANGUAGE_STANDARD = "gnu++0x";
				CLANG_CXX_LIBRARY = "libc++";
				CLANG_ENABLE_MODULES = YES;
				CLANG_ENABLE_OBJC_ARC = YES;
				CLANG_WARN_BOOL_CONVERSION = YES;
				CLANG_WARN_CONSTANT_CONVERSION = YES;
				CLANG_WARN_DIRECT_OBJC_ISA_USAGE = YES_ERROR;
				CLANG_WARN_DOCUMENTATION_COMMENTS = YES;
				CLANG_WARN_EMPTY_BODY = YES;
				CLANG_WARN_ENUM_CONVERSION = YES;
				CLANG_WARN_INFINITE_RECURSION = YES;
				CLANG_WARN_INT_CONVERSION = YES;
				CLANG_WARN_OBJC_ROOT_CLASS = YES_ERROR;
				CLANG_WARN_SUSPICIOUS_MOVE = YES;
				CLANG_WARN_UNREACHABLE_CODE = YES;
				CLANG_WARN__DUPLICATE_METHOD_MATCH = YES;
				"CODE_SIGN_IDENTITY[sdk=iphoneos*]" = "iPhone Developer";
				COPY_PHASE_STRIP = NO;
				DEBUG_INFORMATION_FORMAT = "dwarf-with-dsym";
				ENABLE_NS_ASSERTIONS = NO;
				ENABLE_STRICT_OBJC_MSGSEND = YES;
				GCC_C_LANGUAGE_STANDARD = gnu99;
				GCC_NO_COMMON_BLOCKS = YES;
				GCC_WARN_64_TO_32_BIT_CONVERSION = YES;
				GCC_WARN_ABOUT_RETURN_TYPE = YES_ERROR;
				GCC_WARN_UNDECLARED_SELECTOR = YES;
				GCC_WARN_UNINITIALIZED_AUTOS = YES_AGGRESSIVE;
				GCC_WARN_UNUSED_FUNCTION = YES;
				GCC_WARN_UNUSED_VARIABLE = YES;
				IPHONEOS_DEPLOYMENT_TARGET = 10.2;
				MTL_ENABLE_DEBUG_INFO = NO;
				SDKROOT = iphoneos;
				SWIFT_OPTIMIZATION_LEVEL = "-Owholemodule";
				VALIDATE_PRODUCT = YES;
			};
			name = Release;
		};
		2DE4982B1ED5845500B92D84 /* Debug */ = {
			isa = XCBuildConfiguration;
			buildSettings = {
				ASSETCATALOG_COMPILER_APPICON_NAME = AppIcon;
				DEVELOPMENT_TEAM = 74EBQPNV7H;
				INFOPLIST_FILE = TableView/Info.plist;
				LD_RUNPATH_SEARCH_PATHS = "$(inherited) @executable_path/Frameworks";
				PRODUCT_BUNDLE_IDENTIFIER = com.newsinpalm.TableView;
				PRODUCT_NAME = "$(TARGET_NAME)";
				SWIFT_VERSION = 3.0;
			};
			name = Debug;
		};
		2DE4982C1ED5845500B92D84 /* Release */ = {
			isa = XCBuildConfiguration;
			buildSettings = {
				ASSETCATALOG_COMPILER_APPICON_NAME = AppIcon;
				DEVELOPMENT_TEAM = 74EBQPNV7H;
				INFOPLIST_FILE = TableView/Info.plist;
				LD_RUNPATH_SEARCH_PATHS = "$(inherited) @executable_path/Frameworks";
				PRODUCT_BUNDLE_IDENTIFIER = com.newsinpalm.TableView;
				PRODUCT_NAME = "$(TARGET_NAME)";
				SWIFT_VERSION = 3.0;
			};
			name = Release;
		};
/* End XCBuildConfiguration section */

/* Begin XCConfigurationList section */
		2DE498131ED5845400B92D84 /* Build configuration list for PBXProject "TableView" */ = {
			isa = XCConfigurationList;
			buildConfigurations = (
				2DE498281ED5845500B92D84 /* Debug */,
				2DE498291ED5845500B92D84 /* Release */,
			);
			defaultConfigurationIsVisible = 0;
			defaultConfigurationName = Release;
		};
		2DE4982A1ED5845500B92D84 /* Build configuration list for PBXNativeTarget "TableView" */ = {
			isa = XCConfigurationList;
			buildConfigurations = (
				2DE4982B1ED5845500B92D84 /* Debug */,
				2DE4982C1ED5845500B92D84 /* Release */,
			);
			defaultConfigurationIsVisible = 0;
		};
/* End XCConfigurationList section */
	};
	rootObject = 2DE498101ED5845400B92D84 /* Project object */;
}
