// !$*UTF8*$!
{
	archiveVersion = 1;
	classes = {
	};
	objectVersion = 48;
	objects = {

/* Begin PBXBuildFile section */
		2DE68C1B1F74E6CA004CA29F /* AppDelegate.swift in Sources */ = {isa = PBXBuildFile; fileRef = 2DE68C1A1F74E6CA004CA29F /* AppDelegate.swift */; };
		2DE68C1D1F74E6CA004CA29F /* ViewController.swift in Sources */ = {isa = PBXBuildFile; fileRef = 2DE68C1C1F74E6CA004CA29F /* ViewController.swift */; };
		2DE68C201F74E6CA004CA29F /* Main.storyboard in Resources */ = {isa = PBXBuildFile; fileRef = 2DE68C1E1F74E6CA004CA29F /* Main.storyboard */; };
		2DE68C221F74E6CA004CA29F /* Assets.xcassets in Resources */ = {isa = PBXBuildFile; fileRef = 2DE68C211F74E6CA004CA29F /* Assets.xcassets */; };
		2DE68C251F74E6CA004CA29F /* LaunchScreen.storyboard in Resources */ = {isa = PBXBuildFile; fileRef = 2DE68C231F74E6CA004CA29F /* LaunchScreen.storyboard */; };
		9AC6B875309967EB7A4AAB86 /* Pods_flasktest.framework in Frameworks */ = {isa = PBXBuildFile; fileRef = F2BB137FE5D8813B31836CD3 /* Pods_flasktest.framework */; };
/* End PBXBuildFile section */

/* Begin PBXFileReference section */
		2DE68C171F74E6CA004CA29F /* flasktest.app */ = {isa = PBXFileReference; explicitFileType = wrapper.application; includeInIndex = 0; path = flasktest.app; sourceTree = BUILT_PRODUCTS_DIR; };
		2DE68C1A1F74E6CA004CA29F /* AppDelegate.swift */ = {isa = PBXFileReference; lastKnownFileType = sourcecode.swift; path = AppDelegate.swift; sourceTree = "<group>"; };
		2DE68C1C1F74E6CA004CA29F /* ViewController.swift */ = {isa = PBXFileReference; lastKnownFileType = sourcecode.swift; path = ViewController.swift; sourceTree = "<group>"; };
		2DE68C1F1F74E6CA004CA29F /* Base */ = {isa = PBXFileReference; lastKnownFileType = file.storyboard; name = Base; path = Base.lproj/Main.storyboard; sourceTree = "<group>"; };
		2DE68C211F74E6CA004CA29F /* Assets.xcassets */ = {isa = PBXFileReference; lastKnownFileType = folder.assetcatalog; path = Assets.xcassets; sourceTree = "<group>"; };
		2DE68C241F74E6CA004CA29F /* Base */ = {isa = PBXFileReference; lastKnownFileType = file.storyboard; name = Base; path = Base.lproj/LaunchScreen.storyboard; sourceTree = "<group>"; };
		2DE68C261F74E6CA004CA29F /* Info.plist */ = {isa = PBXFileReference; lastKnownFileType = text.plist.xml; path = Info.plist; sourceTree = "<group>"; };
		38996BE72FE643578DBD10C0 /* Pods-flasktest.release.xcconfig */ = {isa = PBXFileReference; includeInIndex = 1; lastKnownFileType = text.xcconfig; name = "Pods-flasktest.release.xcconfig"; path = "Pods/Target Support Files/Pods-flasktest/Pods-flasktest.release.xcconfig"; sourceTree = "<group>"; };
		F0BE86824D6E7EEF6E5B64FF /* Pods-flasktest.debug.xcconfig */ = {isa = PBXFileReference; includeInIndex = 1; lastKnownFileType = text.xcconfig; name = "Pods-flasktest.debug.xcconfig"; path = "Pods/Target Support Files/Pods-flasktest/Pods-flasktest.debug.xcconfig"; sourceTree = "<group>"; };
		F2BB137FE5D8813B31836CD3 /* Pods_flasktest.framework */ = {isa = PBXFileReference; explicitFileType = wrapper.framework; includeInIndex = 0; path = Pods_flasktest.framework; sourceTree = BUILT_PRODUCTS_DIR; };
/* End PBXFileReference section */

/* Begin PBXFrameworksBuildPhase section */
		2DE68C141F74E6CA004CA29F /* Frameworks */ = {
			isa = PBXFrameworksBuildPhase;
			buildActionMask = 2147483647;
			files = (
				9AC6B875309967EB7A4AAB86 /* Pods_flasktest.framework in Frameworks */,
			);
			runOnlyForDeploymentPostprocessing = 0;
		};
/* End PBXFrameworksBuildPhase section */

/* Begin PBXGroup section */
		2DE68C0E1F74E6CA004CA29F = {
			isa = PBXGroup;
			children = (
				2DE68C191F74E6CA004CA29F /* flasktest */,
				2DE68C181F74E6CA004CA29F /* Products */,
				E6AC3A73D3F721E4D8A206E8 /* Pods */,
				6EECA4EA66F305397FE16D25 /* Frameworks */,
			);
			sourceTree = "<group>";
		};
		2DE68C181F74E6CA004CA29F /* Products */ = {
			isa = PBXGroup;
			children = (
				2DE68C171F74E6CA004CA29F /* flasktest.app */,
			);
			name = Products;
			sourceTree = "<group>";
		};
		2DE68C191F74E6CA004CA29F /* flasktest */ = {
			isa = PBXGroup;
			children = (
				2DE68C1A1F74E6CA004CA29F /* AppDelegate.swift */,
				2DE68C1C1F74E6CA004CA29F /* ViewController.swift */,
				2DE68C1E1F74E6CA004CA29F /* Main.storyboard */,
				2DE68C211F74E6CA004CA29F /* Assets.xcassets */,
				2DE68C231F74E6CA004CA29F /* LaunchScreen.storyboard */,
				2DE68C261F74E6CA004CA29F /* Info.plist */,
			);
			path = flasktest;
			sourceTree = "<group>";
		};
		6EECA4EA66F305397FE16D25 /* Frameworks */ = {
			isa = PBXGroup;
			children = (
				F2BB137FE5D8813B31836CD3 /* Pods_flasktest.framework */,
			);
			name = Frameworks;
			sourceTree = "<group>";
		};
		E6AC3A73D3F721E4D8A206E8 /* Pods */ = {
			isa = PBXGroup;
			children = (
				F0BE86824D6E7EEF6E5B64FF /* Pods-flasktest.debug.xcconfig */,
				38996BE72FE643578DBD10C0 /* Pods-flasktest.release.xcconfig */,
			);
			name = Pods;
			sourceTree = "<group>";
		};
/* End PBXGroup section */

/* Begin PBXNativeTarget section */
		2DE68C161F74E6CA004CA29F /* flasktest */ = {
			isa = PBXNativeTarget;
			buildConfigurationList = 2DE68C291F74E6CA004CA29F /* Build configuration list for PBXNativeTarget "flasktest" */;
			buildPhases = (
				A1C8DFC21D83422C9568DA44 /* [CP] Check Pods Manifest.lock */,
				2DE68C131F74E6CA004CA29F /* Sources */,
				2DE68C141F74E6CA004CA29F /* Frameworks */,
				2DE68C151F74E6CA004CA29F /* Resources */,
				CD39225BB18E5DD73ED02A5F /* [CP] Embed Pods Frameworks */,
				C76C41534BC8B71E8E76E540 /* [CP] Copy Pods Resources */,
			);
			buildRules = (
			);
			dependencies = (
			);
			name = flasktest;
			productName = flasktest;
			productReference = 2DE68C171F74E6CA004CA29F /* flasktest.app */;
			productType = "com.apple.product-type.application";
		};
/* End PBXNativeTarget section */

/* Begin PBXProject section */
		2DE68C0F1F74E6CA004CA29F /* Project object */ = {
			isa = PBXProject;
			attributes = {
				LastSwiftUpdateCheck = 0900;
				LastUpgradeCheck = 0900;
				ORGANIZATIONNAME = NIP;
				TargetAttributes = {
					2DE68C161F74E6CA004CA29F = {
						CreatedOnToolsVersion = 9.0;
						ProvisioningStyle = Automatic;
					};
				};
			};
			buildConfigurationList = 2DE68C121F74E6CA004CA29F /* Build configuration list for PBXProject "flasktest" */;
			compatibilityVersion = "Xcode 8.0";
			developmentRegion = en;
			hasScannedForEncodings = 0;
			knownRegions = (
				en,
				Base,
			);
			mainGroup = 2DE68C0E1F74E6CA004CA29F;
			productRefGroup = 2DE68C181F74E6CA004CA29F /* Products */;
			projectDirPath = "";
			projectRoot = "";
			targets = (
				2DE68C161F74E6CA004CA29F /* flasktest */,
			);
		};
/* End PBXProject section */

/* Begin PBXResourcesBuildPhase section */
		2DE68C151F74E6CA004CA29F /* Resources */ = {
			isa = PBXResourcesBuildPhase;
			buildActionMask = 2147483647;
			files = (
				2DE68C251F74E6CA004CA29F /* LaunchScreen.storyboard in Resources */,
				2DE68C221F74E6CA004CA29F /* Assets.xcassets in Resources */,
				2DE68C201F74E6CA004CA29F /* Main.storyboard in Resources */,
			);
			runOnlyForDeploymentPostprocessing = 0;
		};
/* End PBXResourcesBuildPhase section */

/* Begin PBXShellScriptBuildPhase section */
		A1C8DFC21D83422C9568DA44 /* [CP] Check Pods Manifest.lock */ = {
			isa = PBXShellScriptBuildPhase;
			buildActionMask = 2147483647;
			files = (
			);
			inputPaths = (
			);
			name = "[CP] Check Pods Manifest.lock";
			outputPaths = (
			);
			runOnlyForDeploymentPostprocessing = 0;
			shellPath = /bin/sh;
			shellScript = "diff \"${PODS_ROOT}/../Podfile.lock\" \"${PODS_ROOT}/Manifest.lock\" > /dev/null\nif [ $? != 0 ] ; then\n    # print error to STDERR\n    echo \"error: The sandbox is not in sync with the Podfile.lock. Run 'pod install' or update your CocoaPods installation.\" >&2\n    exit 1\nfi\n";
			showEnvVarsInLog = 0;
		};
		C76C41534BC8B71E8E76E540 /* [CP] Copy Pods Resources */ = {
			isa = PBXShellScriptBuildPhase;
			buildActionMask = 2147483647;
			files = (
			);
			inputPaths = (
			);
			name = "[CP] Copy Pods Resources";
			outputPaths = (
			);
			runOnlyForDeploymentPostprocessing = 0;
			shellPath = /bin/sh;
			shellScript = "\"${SRCROOT}/Pods/Target Support Files/Pods-flasktest/Pods-flasktest-resources.sh\"\n";
			showEnvVarsInLog = 0;
		};
		CD39225BB18E5DD73ED02A5F /* [CP] Embed Pods Frameworks */ = {
			isa = PBXShellScriptBuildPhase;
			buildActionMask = 2147483647;
			files = (
			);
			inputPaths = (
			);
			name = "[CP] Embed Pods Frameworks";
			outputPaths = (
			);
			runOnlyForDeploymentPostprocessing = 0;
			shellPath = /bin/sh;
			shellScript = "\"${SRCROOT}/Pods/Target Support Files/Pods-flasktest/Pods-flasktest-frameworks.sh\"\n";
			showEnvVarsInLog = 0;
		};
/* End PBXShellScriptBuildPhase section */

/* Begin PBXSourcesBuildPhase section */
		2DE68C131F74E6CA004CA29F /* Sources */ = {
			isa = PBXSourcesBuildPhase;
			buildActionMask = 2147483647;
			files = (
				2DE68C1D1F74E6CA004CA29F /* ViewController.swift in Sources */,
				2DE68C1B1F74E6CA004CA29F /* AppDelegate.swift in Sources */,
			);
			runOnlyForDeploymentPostprocessing = 0;
		};
/* End PBXSourcesBuildPhase section */

/* Begin PBXVariantGroup section */
		2DE68C1E1F74E6CA004CA29F /* Main.storyboard */ = {
			isa = PBXVariantGroup;
			children = (
				2DE68C1F1F74E6CA004CA29F /* Base */,
			);
			name = Main.storyboard;
			sourceTree = "<group>";
		};
		2DE68C231F74E6CA004CA29F /* LaunchScreen.storyboard */ = {
			isa = PBXVariantGroup;
			children = (
				2DE68C241F74E6CA004CA29F /* Base */,
			);
			name = LaunchScreen.storyboard;
			sourceTree = "<group>";
		};
/* End PBXVariantGroup section */

/* Begin XCBuildConfiguration section */
		2DE68C271F74E6CA004CA29F /* Debug */ = {
			isa = XCBuildConfiguration;
			buildSettings = {
				ALWAYS_SEARCH_USER_PATHS = NO;
				CLANG_ANALYZER_NONNULL = YES;
				CLANG_ANALYZER_NUMBER_OBJECT_CONVERSION = YES_AGGRESSIVE;
				CLANG_CXX_LANGUAGE_STANDARD = "gnu++14";
				CLANG_CXX_LIBRARY = "libc++";
				CLANG_ENABLE_MODULES = YES;
				CLANG_ENABLE_OBJC_ARC = YES;
				CLANG_WARN_BLOCK_CAPTURE_AUTORELEASING = YES;
				CLANG_WARN_BOOL_CONVERSION = YES;
				CLANG_WARN_COMMA = YES;
				CLANG_WARN_CONSTANT_CONVERSION = YES;
				CLANG_WARN_DIRECT_OBJC_ISA_USAGE = YES_ERROR;
				CLANG_WARN_DOCUMENTATION_COMMENTS = YES;
				CLANG_WARN_EMPTY_BODY = YES;
				CLANG_WARN_ENUM_CONVERSION = YES;
				CLANG_WARN_INFINITE_RECURSION = YES;
				CLANG_WARN_INT_CONVERSION = YES;
				CLANG_WARN_NON_LITERAL_NULL_CONVERSION = YES;
				CLANG_WARN_OBJC_LITERAL_CONVERSION = YES;
				CLANG_WARN_OBJC_ROOT_CLASS = YES_ERROR;
				CLANG_WARN_RANGE_LOOP_ANALYSIS = YES;
				CLANG_WARN_STRICT_PROTOTYPES = YES;
				CLANG_WARN_SUSPICIOUS_MOVE = YES;
				CLANG_WARN_UNGUARDED_AVAILABILITY = YES_AGGRESSIVE;
				CLANG_WARN_UNREACHABLE_CODE = YES;
				CLANG_WARN__DUPLICATE_METHOD_MATCH = YES;
				CODE_SIGN_IDENTITY = "iPhone Developer";
				COPY_PHASE_STRIP = NO;
				DEBUG_INFORMATION_FORMAT = dwarf;
				ENABLE_STRICT_OBJC_MSGSEND = YES;
				ENABLE_TESTABILITY = YES;
				GCC_C_LANGUAGE_STANDARD = gnu11;
				GCC_DYNAMIC_NO_PIC = NO;
				GCC_NO_COMMON_BLOCKS = YES;
				GCC_OPTIMIZATION_LEVEL = 0;
				GCC_PREPROCESSOR_DEFINITIONS = (
					"DEBUG=1",
					"$(inherited)",
				);
				GCC_WARN_64_TO_32_BIT_CONVERSION = YES;
				GCC_WARN_ABOUT_RETURN_TYPE = YES_ERROR;
				GCC_WARN_UNDECLARED_SELECTOR = YES;
				GCC_WARN_UNINITIALIZED_AUTOS = YES_AGGRESSIVE;
				GCC_WARN_UNUSED_FUNCTION = YES;
				GCC_WARN_UNUSED_VARIABLE = YES;
				IPHONEOS_DEPLOYMENT_TARGET = 11.0;
				MTL_ENABLE_DEBUG_INFO = YES;
				ONLY_ACTIVE_ARCH = YES;
				SDKROOT = iphoneos;
				SWIFT_ACTIVE_COMPILATION_CONDITIONS = DEBUG;
				SWIFT_OPTIMIZATION_LEVEL = "-Onone";
			};
			name = Debug;
		};
		2DE68C281F74E6CA004CA29F /* Release */ = {
			isa = XCBuildConfiguration;
			buildSettings = {
				ALWAYS_SEARCH_USER_PATHS = NO;
				CLANG_ANALYZER_NONNULL = YES;
				CLANG_ANALYZER_NUMBER_OBJECT_CONVERSION = YES_AGGRESSIVE;
				CLANG_CXX_LANGUAGE_STANDARD = "gnu++14";
				CLANG_CXX_LIBRARY = "libc++";
				CLANG_ENABLE_MODULES = YES;
				CLANG_ENABLE_OBJC_ARC = YES;
				CLANG_WARN_BLOCK_CAPTURE_AUTORELEASING = YES;
				CLANG_WARN_BOOL_CONVERSION = YES;
				CLANG_WARN_COMMA = YES;
				CLANG_WARN_CONSTANT_CONVERSION = YES;
				CLANG_WARN_DIRECT_OBJC_ISA_USAGE = YES_ERROR;
				CLANG_WARN_DOCUMENTATION_COMMENTS = YES;
				CLANG_WARN_EMPTY_BODY = YES;
				CLANG_WARN_ENUM_CONVERSION = YES;
				CLANG_WARN_INFINITE_RECURSION = YES;
				CLANG_WARN_INT_CONVERSION = YES;
				CLANG_WARN_NON_LITERAL_NULL_CONVERSION = YES;
				CLANG_WARN_OBJC_LITERAL_CONVERSION = YES;
				CLANG_WARN_OBJC_ROOT_CLASS = YES_ERROR;
				CLANG_WARN_RANGE_LOOP_ANALYSIS = YES;
				CLANG_WARN_STRICT_PROTOTYPES = YES;
				CLANG_WARN_SUSPICIOUS_MOVE = YES;
				CLANG_WARN_UNGUARDED_AVAILABILITY = YES_AGGRESSIVE;
				CLANG_WARN_UNREACHABLE_CODE = YES;
				CLANG_WARN__DUPLICATE_METHOD_MATCH = YES;
				CODE_SIGN_IDENTITY = "iPhone Developer";
				COPY_PHASE_STRIP = NO;
				DEBUG_INFORMATION_FORMAT = "dwarf-with-dsym";
				ENABLE_NS_ASSERTIONS = NO;
				ENABLE_STRICT_OBJC_MSGSEND = YES;
				GCC_C_LANGUAGE_STANDARD = gnu11;
				GCC_NO_COMMON_BLOCKS = YES;
				GCC_WARN_64_TO_32_BIT_CONVERSION = YES;
				GCC_WARN_ABOUT_RETURN_TYPE = YES_ERROR;
				GCC_WARN_UNDECLARED_SELECTOR = YES;
				GCC_WARN_UNINITIALIZED_AUTOS = YES_AGGRESSIVE;
				GCC_WARN_UNUSED_FUNCTION = YES;
				GCC_WARN_UNUSED_VARIABLE = YES;
				IPHONEOS_DEPLOYMENT_TARGET = 11.0;
				MTL_ENABLE_DEBUG_INFO = NO;
				SDKROOT = iphoneos;
				SWIFT_OPTIMIZATION_LEVEL = "-Owholemodule";
				VALIDATE_PRODUCT = YES;
			};
			name = Release;
		};
		2DE68C2A1F74E6CA004CA29F /* Debug */ = {
			isa = XCBuildConfiguration;
			baseConfigurationReference = F0BE86824D6E7EEF6E5B64FF /* Pods-flasktest.debug.xcconfig */;
			buildSettings = {
				ASSETCATALOG_COMPILER_APPICON_NAME = AppIcon;
				CODE_SIGN_STYLE = Automatic;
				DEVELOPMENT_TEAM = 74EBQPNV7H;
				INFOPLIST_FILE = flasktest/Info.plist;
				LD_RUNPATH_SEARCH_PATHS = "$(inherited) @executable_path/Frameworks";
				PRODUCT_BUNDLE_IDENTIFIER = com.newsinpalm.flasktest;
				PRODUCT_NAME = "$(TARGET_NAME)";
				SWIFT_VERSION = 4.0;
				TARGETED_DEVICE_FAMILY = "1,2";
			};
			name = Debug;
		};
		2DE68C2B1F74E6CA004CA29F /* Release */ = {
			isa = XCBuildConfiguration;
			baseConfigurationReference = 38996BE72FE643578DBD10C0 /* Pods-flasktest.release.xcconfig */;
			buildSettings = {
				ASSETCATALOG_COMPILER_APPICON_NAME = AppIcon;
				CODE_SIGN_STYLE = Automatic;
				DEVELOPMENT_TEAM = 74EBQPNV7H;
				INFOPLIST_FILE = flasktest/Info.plist;
				LD_RUNPATH_SEARCH_PATHS = "$(inherited) @executable_path/Frameworks";
				PRODUCT_BUNDLE_IDENTIFIER = com.newsinpalm.flasktest;
				PRODUCT_NAME = "$(TARGET_NAME)";
				SWIFT_VERSION = 4.0;
				TARGETED_DEVICE_FAMILY = "1,2";
			};
			name = Release;
		};
/* End XCBuildConfiguration section */

/* Begin XCConfigurationList section */
		2DE68C121F74E6CA004CA29F /* Build configuration list for PBXProject "flasktest" */ = {
			isa = XCConfigurationList;
			buildConfigurations = (
				2DE68C271F74E6CA004CA29F /* Debug */,
				2DE68C281F74E6CA004CA29F /* Release */,
			);
			defaultConfigurationIsVisible = 0;
			defaultConfigurationName = Release;
		};
		2DE68C291F74E6CA004CA29F /* Build configuration list for PBXNativeTarget "flasktest" */ = {
			isa = XCConfigurationList;
			buildConfigurations = (
				2DE68C2A1F74E6CA004CA29F /* Debug */,
				2DE68C2B1F74E6CA004CA29F /* Release */,
			);
			defaultConfigurationIsVisible = 0;
			defaultConfigurationName = Release;
		};
/* End XCConfigurationList section */
	};
	rootObject = 2DE68C0F1F74E6CA004CA29F /* Project object */;
}
