// !$*UTF8*$!
{
	archiveVersion = 1;
	classes = {
	};
	objectVersion = 46;
	objects = {

/* Begin PBXBuildFile section */
		2D2A7F141ECEBC8800B1BB11 /* ViewController1.swift in Sources */ = {isa = PBXBuildFile; fileRef = 2D2A7F131ECEBC8800B1BB11 /* ViewController1.swift */; };
		2D365CBA1EC010550019BAA0 /* AppDelegate.swift in Sources */ = {isa = PBXBuildFile; fileRef = 2D365CB91EC010550019BAA0 /* AppDelegate.swift */; };
		2D365CBC1EC010550019BAA0 /* ViewController.swift in Sources */ = {isa = PBXBuildFile; fileRef = 2D365CBB1EC010550019BAA0 /* ViewController.swift */; };
		2D365CBF1EC010550019BAA0 /* Main.storyboard in Resources */ = {isa = PBXBuildFile; fileRef = 2D365CBD1EC010550019BAA0 /* Main.storyboard */; };
		2D365CC11EC010550019BAA0 /* Assets.xcassets in Resources */ = {isa = PBXBuildFile; fileRef = 2D365CC01EC010550019BAA0 /* Assets.xcassets */; };
		2D365CC41EC010550019BAA0 /* LaunchScreen.storyboard in Resources */ = {isa = PBXBuildFile; fileRef = 2D365CC21EC010550019BAA0 /* LaunchScreen.storyboard */; };
		85F2723778AF4C3202B57BA4 /* Pods_RxSwfitDemo.framework in Frameworks */ = {isa = PBXBuildFile; fileRef = F99C77FEF3643C7E95748C50 /* Pods_RxSwfitDemo.framework */; };
/* End PBXBuildFile section */

/* Begin PBXFileReference section */
		2D2A7F131ECEBC8800B1BB11 /* ViewController1.swift */ = {isa = PBXFileReference; fileEncoding = 4; lastKnownFileType = sourcecode.swift; path = ViewController1.swift; sourceTree = "<group>"; };
		2D365CB61EC010550019BAA0 /* RxSwfitDemo.app */ = {isa = PBXFileReference; explicitFileType = wrapper.application; includeInIndex = 0; path = RxSwfitDemo.app; sourceTree = BUILT_PRODUCTS_DIR; };
		2D365CB91EC010550019BAA0 /* AppDelegate.swift */ = {isa = PBXFileReference; lastKnownFileType = sourcecode.swift; path = AppDelegate.swift; sourceTree = "<group>"; };
		2D365CBB1EC010550019BAA0 /* ViewController.swift */ = {isa = PBXFileReference; lastKnownFileType = sourcecode.swift; path = ViewController.swift; sourceTree = "<group>"; };
		2D365CBE1EC010550019BAA0 /* Base */ = {isa = PBXFileReference; lastKnownFileType = file.storyboard; name = Base; path = Base.lproj/Main.storyboard; sourceTree = "<group>"; };
		2D365CC01EC010550019BAA0 /* Assets.xcassets */ = {isa = PBXFileReference; lastKnownFileType = folder.assetcatalog; path = Assets.xcassets; sourceTree = "<group>"; };
		2D365CC31EC010550019BAA0 /* Base */ = {isa = PBXFileReference; lastKnownFileType = file.storyboard; name = Base; path = Base.lproj/LaunchScreen.storyboard; sourceTree = "<group>"; };
		2D365CC51EC010550019BAA0 /* Info.plist */ = {isa = PBXFileReference; lastKnownFileType = text.plist.xml; path = Info.plist; sourceTree = "<group>"; };
		79E2650FFE91BBE9EC3A3CC1 /* Pods-RxSwfitDemo.release.xcconfig */ = {isa = PBXFileReference; includeInIndex = 1; lastKnownFileType = text.xcconfig; name = "Pods-RxSwfitDemo.release.xcconfig"; path = "Pods/Target Support Files/Pods-RxSwfitDemo/Pods-RxSwfitDemo.release.xcconfig"; sourceTree = "<group>"; };
		9FC5860747BD70EA4018EF8B /* Pods-RxSwfitDemo.debug.xcconfig */ = {isa = PBXFileReference; includeInIndex = 1; lastKnownFileType = text.xcconfig; name = "Pods-RxSwfitDemo.debug.xcconfig"; path = "Pods/Target Support Files/Pods-RxSwfitDemo/Pods-RxSwfitDemo.debug.xcconfig"; sourceTree = "<group>"; };
		F99C77FEF3643C7E95748C50 /* Pods_RxSwfitDemo.framework */ = {isa = PBXFileReference; explicitFileType = wrapper.framework; includeInIndex = 0; path = Pods_RxSwfitDemo.framework; sourceTree = BUILT_PRODUCTS_DIR; };
/* End PBXFileReference section */

/* Begin PBXFrameworksBuildPhase section */
		2D365CB31EC010550019BAA0 /* Frameworks */ = {
			isa = PBXFrameworksBuildPhase;
			buildActionMask = 2147483647;
			files = (
				85F2723778AF4C3202B57BA4 /* Pods_RxSwfitDemo.framework in Frameworks */,
			);
			runOnlyForDeploymentPostprocessing = 0;
		};
/* End PBXFrameworksBuildPhase section */

/* Begin PBXGroup section */
		2D365CAD1EC010550019BAA0 = {
			isa = PBXGroup;
			children = (
				2D365CB81EC010550019BAA0 /* RxSwfitDemo */,
				2D365CB71EC010550019BAA0 /* Products */,
				D1537FDA5E2324556EF369F8 /* Pods */,
				89F4D9A7347E41B24A43A092 /* Frameworks */,
			);
			sourceTree = "<group>";
		};
		2D365CB71EC010550019BAA0 /* Products */ = {
			isa = PBXGroup;
			children = (
				2D365CB61EC010550019BAA0 /* RxSwfitDemo.app */,
			);
			name = Products;
			sourceTree = "<group>";
		};
		2D365CB81EC010550019BAA0 /* RxSwfitDemo */ = {
			isa = PBXGroup;
			children = (
				2D365CB91EC010550019BAA0 /* AppDelegate.swift */,
				2D365CBB1EC010550019BAA0 /* ViewController.swift */,
				2D2A7F131ECEBC8800B1BB11 /* ViewController1.swift */,
				2D365CBD1EC010550019BAA0 /* Main.storyboard */,
				2D365CC01EC010550019BAA0 /* Assets.xcassets */,
				2D365CC21EC010550019BAA0 /* LaunchScreen.storyboard */,
				2D365CC51EC010550019BAA0 /* Info.plist */,
			);
			path = RxSwfitDemo;
			sourceTree = "<group>";
		};
		89F4D9A7347E41B24A43A092 /* Frameworks */ = {
			isa = PBXGroup;
			children = (
				F99C77FEF3643C7E95748C50 /* Pods_RxSwfitDemo.framework */,
			);
			name = Frameworks;
			sourceTree = "<group>";
		};
		D1537FDA5E2324556EF369F8 /* Pods */ = {
			isa = PBXGroup;
			children = (
				9FC5860747BD70EA4018EF8B /* Pods-RxSwfitDemo.debug.xcconfig */,
				79E2650FFE91BBE9EC3A3CC1 /* Pods-RxSwfitDemo.release.xcconfig */,
			);
			name = Pods;
			sourceTree = "<group>";
		};
/* End PBXGroup section */

/* Begin PBXNativeTarget section */
		2D365CB51EC010550019BAA0 /* RxSwfitDemo */ = {
			isa = PBXNativeTarget;
			buildConfigurationList = 2D365CC81EC010550019BAA0 /* Build configuration list for PBXNativeTarget "RxSwfitDemo" */;
			buildPhases = (
				A003F8E7F94BB63643A7DC84 /* [CP] Check Pods Manifest.lock */,
				2D365CB21EC010550019BAA0 /* Sources */,
				2D365CB31EC010550019BAA0 /* Frameworks */,
				2D365CB41EC010550019BAA0 /* Resources */,
				C49BD477C53E3AF54FC8DAD7 /* [CP] Embed Pods Frameworks */,
				B4337B7AF7382F06ECF5BFB3 /* [CP] Copy Pods Resources */,
			);
			buildRules = (
			);
			dependencies = (
			);
			name = RxSwfitDemo;
			productName = RxSwfitDemo;
			productReference = 2D365CB61EC010550019BAA0 /* RxSwfitDemo.app */;
			productType = "com.apple.product-type.application";
		};
/* End PBXNativeTarget section */

/* Begin PBXProject section */
		2D365CAE1EC010550019BAA0 /* Project object */ = {
			isa = PBXProject;
			attributes = {
				LastSwiftUpdateCheck = 0820;
				LastUpgradeCheck = 0820;
				ORGANIZATIONNAME = NewsInPalm;
				TargetAttributes = {
					2D365CB51EC010550019BAA0 = {
						CreatedOnToolsVersion = 8.2;
						DevelopmentTeam = 74EBQPNV7H;
						ProvisioningStyle = Automatic;
					};
				};
			};
			buildConfigurationList = 2D365CB11EC010550019BAA0 /* Build configuration list for PBXProject "RxSwfitDemo" */;
			compatibilityVersion = "Xcode 3.2";
			developmentRegion = English;
			hasScannedForEncodings = 0;
			knownRegions = (
				en,
				Base,
			);
			mainGroup = 2D365CAD1EC010550019BAA0;
			productRefGroup = 2D365CB71EC010550019BAA0 /* Products */;
			projectDirPath = "";
			projectRoot = "";
			targets = (
				2D365CB51EC010550019BAA0 /* RxSwfitDemo */,
			);
		};
/* End PBXProject section */

/* Begin PBXResourcesBuildPhase section */
		2D365CB41EC010550019BAA0 /* Resources */ = {
			isa = PBXResourcesBuildPhase;
			buildActionMask = 2147483647;
			files = (
				2D365CC41EC010550019BAA0 /* LaunchScreen.storyboard in Resources */,
				2D365CC11EC010550019BAA0 /* Assets.xcassets in Resources */,
				2D365CBF1EC010550019BAA0 /* Main.storyboard in Resources */,
			);
			runOnlyForDeploymentPostprocessing = 0;
		};
/* End PBXResourcesBuildPhase section */

/* Begin PBXShellScriptBuildPhase section */
		A003F8E7F94BB63643A7DC84 /* [CP] Check Pods Manifest.lock */ = {
			isa = PBXShellScriptBuildPhase;
			buildActionMask = 2147483647;
			files = (
			);
			inputPaths = (
			);
			name = "[CP] Check Pods Manifest.lock";
			outputPaths = (
			);
			runOnlyForDeploymentPostprocessing = 0;
			shellPath = /bin/sh;
			shellScript = "diff \"${PODS_ROOT}/../Podfile.lock\" \"${PODS_ROOT}/Manifest.lock\" > /dev/null\nif [[ $? != 0 ]] ; then\n    cat << EOM\nerror: The sandbox is not in sync with the Podfile.lock. Run 'pod install' or update your CocoaPods installation.\nEOM\n    exit 1\nfi\n";
			showEnvVarsInLog = 0;
		};
		B4337B7AF7382F06ECF5BFB3 /* [CP] Copy Pods Resources */ = {
			isa = PBXShellScriptBuildPhase;
			buildActionMask = 2147483647;
			files = (
			);
			inputPaths = (
			);
			name = "[CP] Copy Pods Resources";
			outputPaths = (
			);
			runOnlyForDeploymentPostprocessing = 0;
			shellPath = /bin/sh;
			shellScript = "\"${SRCROOT}/Pods/Target Support Files/Pods-RxSwfitDemo/Pods-RxSwfitDemo-resources.sh\"\n";
			showEnvVarsInLog = 0;
		};
		C49BD477C53E3AF54FC8DAD7 /* [CP] Embed Pods Frameworks */ = {
			isa = PBXShellScriptBuildPhase;
			buildActionMask = 2147483647;
			files = (
			);
			inputPaths = (
			);
			name = "[CP] Embed Pods Frameworks";
			outputPaths = (
			);
			runOnlyForDeploymentPostprocessing = 0;
			shellPath = /bin/sh;
			shellScript = "\"${SRCROOT}/Pods/Target Support Files/Pods-RxSwfitDemo/Pods-RxSwfitDemo-frameworks.sh\"\n";
			showEnvVarsInLog = 0;
		};
/* End PBXShellScriptBuildPhase section */

/* Begin PBXSourcesBuildPhase section */
		2D365CB21EC010550019BAA0 /* Sources */ = {
			isa = PBXSourcesBuildPhase;
			buildActionMask = 2147483647;
			files = (
				2D2A7F141ECEBC8800B1BB11 /* ViewController1.swift in Sources */,
				2D365CBC1EC010550019BAA0 /* ViewController.swift in Sources */,
				2D365CBA1EC010550019BAA0 /* AppDelegate.swift in Sources */,
			);
			runOnlyForDeploymentPostprocessing = 0;
		};
/* End PBXSourcesBuildPhase section */

/* Begin PBXVariantGroup section */
		2D365CBD1EC010550019BAA0 /* Main.storyboard */ = {
			isa = PBXVariantGroup;
			children = (
				2D365CBE1EC010550019BAA0 /* Base */,
			);
			name = Main.storyboard;
			sourceTree = "<group>";
		};
		2D365CC21EC010550019BAA0 /* LaunchScreen.storyboard */ = {
			isa = PBXVariantGroup;
			children = (
				2D365CC31EC010550019BAA0 /* Base */,
			);
			name = LaunchScreen.storyboard;
			sourceTree = "<group>";
		};
/* End PBXVariantGroup section */

/* Begin XCBuildConfiguration section */
		2D365CC61EC010550019BAA0 /* Debug */ = {
			isa = XCBuildConfiguration;
			buildSettings = {
				ALWAYS_SEARCH_USER_PATHS = NO;
				CLANG_ANALYZER_NONNULL = YES;
				CLANG_CXX_LANGUAGE_STANDARD = "gnu++0x";
				CLANG_CXX_LIBRARY = "libc++";
				CLANG_ENABLE_MODULES = YES;
				CLANG_ENABLE_OBJC_ARC = YES;
				CLANG_WARN_BOOL_CONVERSION = YES;
				CLANG_WARN_CONSTANT_CONVERSION = YES;
				CLANG_WARN_DIRECT_OBJC_ISA_USAGE = YES_ERROR;
				CLANG_WARN_DOCUMENTATION_COMMENTS = YES;
				CLANG_WARN_EMPTY_BODY = YES;
				CLANG_WARN_ENUM_CONVERSION = YES;
				CLANG_WARN_INFINITE_RECURSION = YES;
				CLANG_WARN_INT_CONVERSION = YES;
				CLANG_WARN_OBJC_ROOT_CLASS = YES_ERROR;
				CLANG_WARN_SUSPICIOUS_MOVE = YES;
				CLANG_WARN_UNREACHABLE_CODE = YES;
				CLANG_WARN__DUPLICATE_METHOD_MATCH = YES;
				"CODE_SIGN_IDENTITY[sdk=iphoneos*]" = "iPhone Developer";
				COPY_PHASE_STRIP = NO;
				DEBUG_INFORMATION_FORMAT = dwarf;
				ENABLE_STRICT_OBJC_MSGSEND = YES;
				ENABLE_TESTABILITY = YES;
				GCC_C_LANGUAGE_STANDARD = gnu99;
				GCC_DYNAMIC_NO_PIC = NO;
				GCC_NO_COMMON_BLOCKS = YES;
				GCC_OPTIMIZATION_LEVEL = 0;
				GCC_PREPROCESSOR_DEFINITIONS = (
					"DEBUG=1",
					"$(inherited)",
				);
				GCC_WARN_64_TO_32_BIT_CONVERSION = YES;
				GCC_WARN_ABOUT_RETURN_TYPE = YES_ERROR;
				GCC_WARN_UNDECLARED_SELECTOR = YES;
				GCC_WARN_UNINITIALIZED_AUTOS = YES_AGGRESSIVE;
				GCC_WARN_UNUSED_FUNCTION = YES;
				GCC_WARN_UNUSED_VARIABLE = YES;
				IPHONEOS_DEPLOYMENT_TARGET = 10.2;
				MTL_ENABLE_DEBUG_INFO = YES;
				ONLY_ACTIVE_ARCH = YES;
				SDKROOT = iphoneos;
				SWIFT_ACTIVE_COMPILATION_CONDITIONS = DEBUG;
				SWIFT_OPTIMIZATION_LEVEL = "-Onone";
			};
			name = Debug;
		};
		2D365CC71EC010550019BAA0 /* Release */ = {
			isa = XCBuildConfiguration;
			buildSettings = {
				ALWAYS_SEARCH_USER_PATHS = NO;
				CLANG_ANALYZER_NONNULL = YES;
				CLANG_CXX_LANGUAGE_STANDARD = "gnu++0x";
				CLANG_CXX_LIBRARY = "libc++";
				CLANG_ENABLE_MODULES = YES;
				CLANG_ENABLE_OBJC_ARC = YES;
				CLANG_WARN_BOOL_CONVERSION = YES;
				CLANG_WARN_CONSTANT_CONVERSION = YES;
				CLANG_WARN_DIRECT_OBJC_ISA_USAGE = YES_ERROR;
				CLANG_WARN_DOCUMENTATION_COMMENTS = YES;
				CLANG_WARN_EMPTY_BODY = YES;
				CLANG_WARN_ENUM_CONVERSION = YES;
				CLANG_WARN_INFINITE_RECURSION = YES;
				CLANG_WARN_INT_CONVERSION = YES;
				CLANG_WARN_OBJC_ROOT_CLASS = YES_ERROR;
				CLANG_WARN_SUSPICIOUS_MOVE = YES;
				CLANG_WARN_UNREACHABLE_CODE = YES;
				CLANG_WARN__DUPLICATE_METHOD_MATCH = YES;
				"CODE_SIGN_IDENTITY[sdk=iphoneos*]" = "iPhone Developer";
				COPY_PHASE_STRIP = NO;
				DEBUG_INFORMATION_FORMAT = "dwarf-with-dsym";
				ENABLE_NS_ASSERTIONS = NO;
				ENABLE_STRICT_OBJC_MSGSEND = YES;
				GCC_C_LANGUAGE_STANDARD = gnu99;
				GCC_NO_COMMON_BLOCKS = YES;
				GCC_WARN_64_TO_32_BIT_CONVERSION = YES;
				GCC_WARN_ABOUT_RETURN_TYPE = YES_ERROR;
				GCC_WARN_UNDECLARED_SELECTOR = YES;
				GCC_WARN_UNINITIALIZED_AUTOS = YES_AGGRESSIVE;
				GCC_WARN_UNUSED_FUNCTION = YES;
				GCC_WARN_UNUSED_VARIABLE = YES;
				IPHONEOS_DEPLOYMENT_TARGET = 10.2;
				MTL_ENABLE_DEBUG_INFO = NO;
				SDKROOT = iphoneos;
				SWIFT_OPTIMIZATION_LEVEL = "-Owholemodule";
				VALIDATE_PRODUCT = YES;
			};
			name = Release;
		};
		2D365CC91EC010550019BAA0 /* Debug */ = {
			isa = XCBuildConfiguration;
			baseConfigurationReference = 9FC5860747BD70EA4018EF8B /* Pods-RxSwfitDemo.debug.xcconfig */;
			buildSettings = {
				ASSETCATALOG_COMPILER_APPICON_NAME = AppIcon;
				DEVELOPMENT_TEAM = 74EBQPNV7H;
				INFOPLIST_FILE = RxSwfitDemo/Info.plist;
				LD_RUNPATH_SEARCH_PATHS = "$(inherited) @executable_path/Frameworks";
				PRODUCT_BUNDLE_IDENTIFIER = com.newsinpalm.RxSwfitDemo;
				PRODUCT_NAME = "$(TARGET_NAME)";
				SWIFT_VERSION = 3.0;
			};
			name = Debug;
		};
		2D365CCA1EC010550019BAA0 /* Release */ = {
			isa = XCBuildConfiguration;
			baseConfigurationReference = 79E2650FFE91BBE9EC3A3CC1 /* Pods-RxSwfitDemo.release.xcconfig */;
			buildSettings = {
				ASSETCATALOG_COMPILER_APPICON_NAME = AppIcon;
				DEVELOPMENT_TEAM = 74EBQPNV7H;
				INFOPLIST_FILE = RxSwfitDemo/Info.plist;
				LD_RUNPATH_SEARCH_PATHS = "$(inherited) @executable_path/Frameworks";
				PRODUCT_BUNDLE_IDENTIFIER = com.newsinpalm.RxSwfitDemo;
				PRODUCT_NAME = "$(TARGET_NAME)";
				SWIFT_VERSION = 3.0;
			};
			name = Release;
		};
/* End XCBuildConfiguration section */

/* Begin XCConfigurationList section */
		2D365CB11EC010550019BAA0 /* Build configuration list for PBXProject "RxSwfitDemo" */ = {
			isa = XCConfigurationList;
			buildConfigurations = (
				2D365CC61EC010550019BAA0 /* Debug */,
				2D365CC71EC010550019BAA0 /* Release */,
			);
			defaultConfigurationIsVisible = 0;
			defaultConfigurationName = Release;
		};
		2D365CC81EC010550019BAA0 /* Build configuration list for PBXNativeTarget "RxSwfitDemo" */ = {
			isa = XCConfigurationList;
			buildConfigurations = (
				2D365CC91EC010550019BAA0 /* Debug */,
				2D365CCA1EC010550019BAA0 /* Release */,
			);
			defaultConfigurationIsVisible = 0;
			defaultConfigurationName = Release;
		};
/* End XCConfigurationList section */
	};
	rootObject = 2D365CAE1EC010550019BAA0 /* Project object */;
}
